Microsoft Visual Studio Solution File, Format Version 11.00
Project("{BCB1769A-5BDD-B15B-9DE1-1421215569A0}") = "BlipZones", "BlipZones.vcxproj", "{9E3C38DA-B257-3C0C-59B2-6907C9A1DAB3}"
EndProject
Global
	GlobalSection(SolutionConfigurationPlatforms) = preSolution
		Debug|Win32 = Debug|Win32
		Release|Win32 = Release|Win32
	EndGlobalSection
	GlobalSection(ProjectConfigurationPlatforms) = postSolution
		{9E3C38DA-B257-3C0C-59B2-6907C9A1DAB3}.Debug|Win32.ActiveCfg = Debug|Win32
		{9E3C38DA-B257-3C0C-59B2-6907C9A1DAB3}.Debug|Win32.Build.0 = Debug|Win32
		{9E3C38DA-B257-3C0C-59B2-6907C9A1DAB3}.Release|Win32.ActiveCfg = Release|Win32
		{9E3C38DA-B257-3C0C-59B2-6907C9A1DAB3}.Release|Win32.Build.0 = Release|Win32
	EndGlobalSection
	GlobalSection(SolutionProperties) = preSolution
		HideSolutionNode = FALSE
	EndGlobalSection
EndGlobal
