Microsoft Visual Studio Solution File, Format Version 11.00
# Visual Studio 2010
Project("{06507D60-ED1B-93A3-D7DB-61310E10C411}") = "BlipZones", "BlipZones.vcxproj", "{0A5A72CF-89E0-0953-FA1F-B8789E279AFB}"
EndProject
Global
	GlobalSection(SolutionConfigurationPlatforms) = preSolution
		Debug|Win32 = Debug|Win32
		Release|Win32 = Release|Win32
	EndGlobalSection
	GlobalSection(ProjectConfigurationPlatforms) = postSolution
		{0A5A72CF-89E0-0953-FA1F-B8789E279AFB}.Debug|Win32.ActiveCfg = Debug|Win32
		{0A5A72CF-89E0-0953-FA1F-B8789E279AFB}.Debug|Win32.Build.0 = Debug|Win32
		{0A5A72CF-89E0-0953-FA1F-B8789E279AFB}.Release|Win32.ActiveCfg = Release|Win32
		{0A5A72CF-89E0-0953-FA1F-B8789E279AFB}.Release|Win32.Build.0 = Release|Win32
	EndGlobalSection
	GlobalSection(SolutionProperties) = preSolution
		HideSolutionNode = FALSE
	EndGlobalSection
EndGlobal
