// !$*UTF8*$!
{
	archiveVersion = 1;
	classes = {
	};
	objectVersion = 45;
	objects = {

/* Begin PBXBuildFile section */
		036824D38ADF25185AF0A6C7 /* DiscRecording.framework in Frameworks */ = {isa = PBXBuildFile; fileRef = 8CDA65FDA1D2A8FD2A217035 /* DiscRecording.framework */; };
		069EFA169E7D570081DFF109 /* QuickTime.framework in Frameworks */ = {isa = PBXBuildFile; fileRef = B121DEF6878456309C03792E /* QuickTime.framework */; };
		0723696A320BD974C2F9A36B /* JuceLibraryCode4.mm in Sources */ = {isa = PBXBuildFile; fileRef = 47D7CB994BD84945D72F5A0E /* JuceLibraryCode4.mm */; };
		39D9936319B814801DBA9C64 /* CoreAudio.framework in Frameworks */ = {isa = PBXBuildFile; fileRef = 9B91F8BB10F0597A05DEC3C5 /* CoreAudio.framework */; };
		3F815EA2C165CCF5B2E833D5 /* MainWindow.cpp in Sources */ = {isa = PBXBuildFile; fileRef = 69E3CE875903BE2F4EA94527 /* MainWindow.cpp */; };
		416582AB1403D030001812F1 /* BlipSimComponent.cpp in Sources */ = {isa = PBXBuildFile; fileRef = 416582A61403D030001812F1 /* BlipSimComponent.cpp */; };
		416582AC1403D030001812F1 /* SimScreen.cpp in Sources */ = {isa = PBXBuildFile; fileRef = 416582A91403D030001812F1 /* SimScreen.cpp */; };
		418E308C13ED879C007858FB /* eeprom.c in Sources */ = {isa = PBXBuildFile; fileRef = 418E305313ED879C007858FB /* eeprom.c */; };
		418E308D13ED879C007858FB /* interrupt.c in Sources */ = {isa = PBXBuildFile; fileRef = 418E305513ED879C007858FB /* interrupt.c */; };
		418E308E13ED879C007858FB /* io.c in Sources */ = {isa = PBXBuildFile; fileRef = 418E305713ED879C007858FB /* io.c */; };
		418E308F13ED879C007858FB /* pgmspace.c in Sources */ = {isa = PBXBuildFile; fileRef = 418E305913ED879C007858FB /* pgmspace.c */; };
		418E309013ED879C007858FB /* FiveWireTouchController.cpp in Sources */ = {isa = PBXBuildFile; fileRef = 418E305B13ED879C007858FB /* FiveWireTouchController.cpp */; };
		418E309313ED879C007858FB /* Animator.cpp in Sources */ = {isa = PBXBuildFile; fileRef = 418E305E13ED879C007858FB /* Animator.cpp */; };
		418E309413ED879C007858FB /* BlipBox.cpp in Sources */ = {isa = PBXBuildFile; fileRef = 418E306013ED879C007858FB /* BlipBox.cpp */; };
		418E309513ED879C007858FB /* Characters.cpp in Sources */ = {isa = PBXBuildFile; fileRef = 418E306113ED879C007858FB /* Characters.cpp */; };
		418E309613ED879C007858FB /* Configuration.cpp in Sources */ = {isa = PBXBuildFile; fileRef = 418E306313ED879C007858FB /* Configuration.cpp */; };
		418E309713ED879C007858FB /* DirectCounter.cpp in Sources */ = {isa = PBXBuildFile; fileRef = 418E306813ED879C007858FB /* DirectCounter.cpp */; };
		418E309813ED879C007858FB /* DisplayManager.cpp in Sources */ = {isa = PBXBuildFile; fileRef = 418E306913ED879C007858FB /* DisplayManager.cpp */; };
		418E309913ED879C007858FB /* EventHandler.cpp in Sources */ = {isa = PBXBuildFile; fileRef = 418E306B13ED879C007858FB /* EventHandler.cpp */; };
		418E309A13ED879C007858FB /* globals.cpp in Sources */ = {isa = PBXBuildFile; fileRef = 418E306D13ED879C007858FB /* globals.cpp */; };
		418E309B13ED879C007858FB /* KeyController.cpp in Sources */ = {isa = PBXBuildFile; fileRef = 418E306E13ED879C007858FB /* KeyController.cpp */; };
		418E309C13ED879C007858FB /* MessageDispatcher.cpp in Sources */ = {isa = PBXBuildFile; fileRef = 418E307113ED879C007858FB /* MessageDispatcher.cpp */; };
		418E309D13ED879C007858FB /* MidiZone.cpp in Sources */ = {isa = PBXBuildFile; fileRef = 418E307413ED879C007858FB /* MidiZone.cpp */; };
		418E309E13ED879C007858FB /* MidiZoneEventHandler.cpp in Sources */ = {isa = PBXBuildFile; fileRef = 418E307613ED879C007858FB /* MidiZoneEventHandler.cpp */; };
		418E309F13ED879C007858FB /* Parameters.cpp in Sources */ = {isa = PBXBuildFile; fileRef = 418E307913ED879C007858FB /* Parameters.cpp */; };
		418E30A013ED879C007858FB /* PresetChooser.cpp in Sources */ = {isa = PBXBuildFile; fileRef = 418E307C13ED879C007858FB /* PresetChooser.cpp */; };
		418E30A113ED879C007858FB /* SerialProtocol.cpp in Sources */ = {isa = PBXBuildFile; fileRef = 418E308013ED879C007858FB /* SerialProtocol.cpp */; };
		418E30A213ED879C007858FB /* SerialProtocolReader.cpp in Sources */ = {isa = PBXBuildFile; fileRef = 418E308113ED879C007858FB /* SerialProtocolReader.cpp */; };
		418E30DB13ED901D007858FB /* SimWindow.cpp in Sources */ = {isa = PBXBuildFile; fileRef = 418E30D913ED901D007858FB /* SimWindow.cpp */; };
		419421EC14003676004F8725 /* ApplicationSettingsComponent.cpp in Sources */ = {isa = PBXBuildFile; fileRef = 419421EA14003676004F8725 /* ApplicationSettingsComponent.cpp */; };
		41E2CEC013EEE90800329E3E /* blipbox.icns in Resources */ = {isa = PBXBuildFile; fileRef = 41E2CEBF13EEE90700329E3E /* blipbox.icns */; };
		41E2CF3513EF2EB400329E3E /* MidiZoneComponent.cpp in Sources */ = {isa = PBXBuildFile; fileRef = 41E2CF3313EF2EB400329E3E /* MidiZoneComponent.cpp */; };
		41E2CFE413EFF64500329E3E /* ApplicationConfiguration.cpp in Sources */ = {isa = PBXBuildFile; fileRef = 41E2CFE013EFF64500329E3E /* ApplicationConfiguration.cpp */; };
		41E2D0CE13F1A78A00329E3E /* BlipSim.cpp in Sources */ = {isa = PBXBuildFile; fileRef = 41E2D0CC13F1A78A00329E3E /* BlipSim.cpp */; };
		41E2D13113F1E1CF00329E3E /* MidiZonePreset.cpp in Sources */ = {isa = PBXBuildFile; fileRef = 41E2D13013F1E1CF00329E3E /* MidiZonePreset.cpp */; };
		41FA621413EC12D400835570 /* PresetComponent.cpp in Sources */ = {isa = PBXBuildFile; fileRef = 41FA621013EC12D400835570 /* PresetComponent.cpp */; };
		41FA621B13EC131600835570 /* BlipClient.cpp in Sources */ = {isa = PBXBuildFile; fileRef = 41FA621913EC131500835570 /* BlipClient.cpp */; };
		5305BD92F3F36EE5F903C84B /* Cocoa.framework in Frameworks */ = {isa = PBXBuildFile; fileRef = EC95562A9E9EDC3E9B1A9061 /* Cocoa.framework */; };
		7A0FA79588881FE82E90A5CF /* QTKit.framework in Frameworks */ = {isa = PBXBuildFile; fileRef = 0E9C9572A50DB8EA6E51E1C2 /* QTKit.framework */; };
		82B1149437A9B20669D825CA /* OpenGL.framework in Frameworks */ = {isa = PBXBuildFile; fileRef = 4646F809AD6C93233832846A /* OpenGL.framework */; };
		9F3988E5875DC905119D69B9 /* Carbon.framework in Frameworks */ = {isa = PBXBuildFile; fileRef = 2BDBD52034C01DC96C596BF5 /* Carbon.framework */; };
		AE86D65581912C65DFB1C2AB /* CoreMIDI.framework in Frameworks */ = {isa = PBXBuildFile; fileRef = C27C3793A6FCE5F9F69F8C6E /* CoreMIDI.framework */; };
		B2187236A44707AC00748B74 /* QuartzCore.framework in Frameworks */ = {isa = PBXBuildFile; fileRef = 0B041D56E8CA4C914812DF01 /* QuartzCore.framework */; };
		CD6C0998B8F2D44EB4A62E1F /* WebKit.framework in Frameworks */ = {isa = PBXBuildFile; fileRef = 5C47100C8F78F70EEC550FAB /* WebKit.framework */; };
		E36F39979FBA754C3369E65A /* JuceLibraryCode1.mm in Sources */ = {isa = PBXBuildFile; fileRef = 7B7361960526D1CB4B74CF4F /* JuceLibraryCode1.mm */; };
		EA56E96EC2815026A27EF591 /* IOKit.framework in Frameworks */ = {isa = PBXBuildFile; fileRef = FD46F99396B85E6C9880FD31 /* IOKit.framework */; };
		EAEFD2BA9DDACF751C545ED7 /* Main.cpp in Sources */ = {isa = PBXBuildFile; fileRef = 0BC5FFEF408E7788EDAE3A3C /* Main.cpp */; };
		EFF649387B853C546D4F2A55 /* JuceLibraryCode2.mm in Sources */ = {isa = PBXBuildFile; fileRef = B49A3A92120153FE1F58528E /* JuceLibraryCode2.mm */; };
		FB8C59C95740036C97146F60 /* JuceLibraryCode3.mm in Sources */ = {isa = PBXBuildFile; fileRef = 0EB1F29D2EFDD611F33CD6CE /* JuceLibraryCode3.mm */; };
/* End PBXBuildFile section */

/* Begin PBXFileReference section */
		0B041D56E8CA4C914812DF01 /* QuartzCore.framework */ = {isa = PBXFileReference; lastKnownFileType = wrapper.framework; name = QuartzCore.framework; path = System/Library/Frameworks/QuartzCore.framework; sourceTree = SDKROOT; };
		0BC5FFEF408E7788EDAE3A3C /* Main.cpp */ = {isa = PBXFileReference; lastKnownFileType = sourcecode.cpp.cpp; name = Main.cpp; path = ../../Source/Main.cpp; sourceTree = SOURCE_ROOT; };
		0E9C9572A50DB8EA6E51E1C2 /* QTKit.framework */ = {isa = PBXFileReference; lastKnownFileType = wrapper.framework; name = QTKit.framework; path = System/Library/Frameworks/QTKit.framework; sourceTree = SDKROOT; };
		0EB1F29D2EFDD611F33CD6CE /* JuceLibraryCode3.mm */ = {isa = PBXFileReference; lastKnownFileType = sourcecode.cpp.objcpp; name = JuceLibraryCode3.mm; path = ../../JuceLibraryCode/JuceLibraryCode3.mm; sourceTree = SOURCE_ROOT; };
		201E2BC57EDDA2796285F7F6 /* MainWindow.h */ = {isa = PBXFileReference; lastKnownFileType = sourcecode.c.h; name = MainWindow.h; path = ../../Source/MainWindow.h; sourceTree = SOURCE_ROOT; };
		2BDBD52034C01DC96C596BF5 /* Carbon.framework */ = {isa = PBXFileReference; lastKnownFileType = wrapper.framework; name = Carbon.framework; path = System/Library/Frameworks/Carbon.framework; sourceTree = SDKROOT; };
		415BC8C613F4CAC0009FAF1E /* Command.h */ = {isa = PBXFileReference; fileEncoding = 4; lastKnownFileType = sourcecode.c.h; name = Command.h; path = ../../../BlipBox/firmware/Command.h; sourceTree = SOURCE_ROOT; };
		416582A61403D030001812F1 /* BlipSimComponent.cpp */ = {isa = PBXFileReference; fileEncoding = 4; lastKnownFileType = sourcecode.cpp.cpp; name = BlipSimComponent.cpp; path = ../../Source/BlipSimComponent.cpp; sourceTree = SOURCE_ROOT; };
		416582A71403D030001812F1 /* BlipSimComponent.h */ = {isa = PBXFileReference; fileEncoding = 4; lastKnownFileType = sourcecode.c.h; name = BlipSimComponent.h; path = ../../Source/BlipSimComponent.h; sourceTree = SOURCE_ROOT; };
		416582A81403D030001812F1 /* OverflowTimer.h */ = {isa = PBXFileReference; fileEncoding = 4; lastKnownFileType = sourcecode.c.h; name = OverflowTimer.h; path = ../../Source/OverflowTimer.h; sourceTree = SOURCE_ROOT; };
		416582A91403D030001812F1 /* SimScreen.cpp */ = {isa = PBXFileReference; fileEncoding = 4; lastKnownFileType = sourcecode.cpp.cpp; name = SimScreen.cpp; path = ../../Source/SimScreen.cpp; sourceTree = SOURCE_ROOT; };
		416582AA1403D030001812F1 /* SimScreen.h */ = {isa = PBXFileReference; fileEncoding = 4; lastKnownFileType = sourcecode.c.h; name = SimScreen.h; path = ../../Source/SimScreen.h; sourceTree = SOURCE_ROOT; };
		418E305313ED879C007858FB /* eeprom.c */ = {isa = PBXFileReference; fileEncoding = 4; lastKnownFileType = sourcecode.c.c; name = eeprom.c; path = ../../../BlipBox/firmware/simulator/avr/eeprom.c; sourceTree = SOURCE_ROOT; };
		418E305413ED879C007858FB /* eeprom.h */ = {isa = PBXFileReference; fileEncoding = 4; lastKnownFileType = sourcecode.c.h; name = eeprom.h; path = ../../../BlipBox/firmware/simulator/avr/eeprom.h; sourceTree = SOURCE_ROOT; };
		418E305513ED879C007858FB /* interrupt.c */ = {isa = PBXFileReference; fileEncoding = 4; lastKnownFileType = sourcecode.c.c; name = interrupt.c; path = ../../../BlipBox/firmware/simulator/avr/interrupt.c; sourceTree = SOURCE_ROOT; };
		418E305613ED879C007858FB /* interrupt.h */ = {isa = PBXFileReference; fileEncoding = 4; lastKnownFileType = sourcecode.c.h; name = interrupt.h; path = ../../../BlipBox/firmware/simulator/avr/interrupt.h; sourceTree = SOURCE_ROOT; };
		418E305713ED879C007858FB /* io.c */ = {isa = PBXFileReference; fileEncoding = 4; lastKnownFileType = sourcecode.c.c; name = io.c; path = ../../../BlipBox/firmware/simulator/avr/io.c; sourceTree = SOURCE_ROOT; };
		418E305813ED879C007858FB /* io.h */ = {isa = PBXFileReference; fileEncoding = 4; lastKnownFileType = sourcecode.c.h; name = io.h; path = ../../../BlipBox/firmware/simulator/avr/io.h; sourceTree = SOURCE_ROOT; };
		418E305913ED879C007858FB /* pgmspace.c */ = {isa = PBXFileReference; fileEncoding = 4; lastKnownFileType = sourcecode.c.c; name = pgmspace.c; path = ../../../BlipBox/firmware/simulator/avr/pgmspace.c; sourceTree = SOURCE_ROOT; };
		418E305A13ED879C007858FB /* pgmspace.h */ = {isa = PBXFileReference; fileEncoding = 4; lastKnownFileType = sourcecode.c.h; name = pgmspace.h; path = ../../../BlipBox/firmware/simulator/avr/pgmspace.h; sourceTree = SOURCE_ROOT; };
		418E305B13ED879C007858FB /* FiveWireTouchController.cpp */ = {isa = PBXFileReference; fileEncoding = 4; lastKnownFileType = sourcecode.cpp.cpp; name = FiveWireTouchController.cpp; path = ../../../BlipBox/firmware/simulator/FiveWireTouchController.cpp; sourceTree = SOURCE_ROOT; };
		418E305E13ED879C007858FB /* Animator.cpp */ = {isa = PBXFileReference; fileEncoding = 4; lastKnownFileType = sourcecode.cpp.cpp; name = Animator.cpp; path = ../../../BlipBox/firmware/Animator.cpp; sourceTree = SOURCE_ROOT; };
		418E305F13ED879C007858FB /* Animator.h */ = {isa = PBXFileReference; fileEncoding = 4; lastKnownFileType = sourcecode.c.h; name = Animator.h; path = ../../../BlipBox/firmware/Animator.h; sourceTree = SOURCE_ROOT; };
		418E306013ED879C007858FB /* BlipBox.cpp */ = {isa = PBXFileReference; fileEncoding = 4; lastKnownFileType = sourcecode.cpp.cpp; name = BlipBox.cpp; path = ../../../BlipBox/firmware/BlipBox.cpp; sourceTree = SOURCE_ROOT; };
		418E306113ED879C007858FB /* Characters.cpp */ = {isa = PBXFileReference; fileEncoding = 4; lastKnownFileType = sourcecode.cpp.cpp; name = Characters.cpp; path = ../../../BlipBox/firmware/Characters.cpp; sourceTree = SOURCE_ROOT; };
		418E306213ED879C007858FB /* Characters.h */ = {isa = PBXFileReference; fileEncoding = 4; lastKnownFileType = sourcecode.c.h; name = Characters.h; path = ../../../BlipBox/firmware/Characters.h; sourceTree = SOURCE_ROOT; };
		418E306313ED879C007858FB /* Configuration.cpp */ = {isa = PBXFileReference; fileEncoding = 4; lastKnownFileType = sourcecode.cpp.cpp; name = Configuration.cpp; path = ../../../BlipBox/firmware/Configuration.cpp; sourceTree = SOURCE_ROOT; };
		418E306413ED879C007858FB /* Configuration.h */ = {isa = PBXFileReference; fileEncoding = 4; lastKnownFileType = sourcecode.c.h; name = Configuration.h; path = ../../../BlipBox/firmware/Configuration.h; sourceTree = SOURCE_ROOT; };
		418E306513ED879C007858FB /* Counter.h */ = {isa = PBXFileReference; fileEncoding = 4; lastKnownFileType = sourcecode.c.h; name = Counter.h; path = ../../../BlipBox/firmware/Counter.h; sourceTree = SOURCE_ROOT; };
		418E306613ED879C007858FB /* defs.h */ = {isa = PBXFileReference; fileEncoding = 4; lastKnownFileType = sourcecode.c.h; name = defs.h; path = ../../../BlipBox/firmware/defs.h; sourceTree = SOURCE_ROOT; };
		418E306713ED879C007858FB /* device.h */ = {isa = PBXFileReference; fileEncoding = 4; lastKnownFileType = sourcecode.c.h; name = device.h; path = ../../../BlipBox/firmware/device.h; sourceTree = SOURCE_ROOT; };
		418E306813ED879C007858FB /* DirectCounter.cpp */ = {isa = PBXFileReference; fileEncoding = 4; lastKnownFileType = sourcecode.cpp.cpp; name = DirectCounter.cpp; path = ../../../BlipBox/firmware/DirectCounter.cpp; sourceTree = SOURCE_ROOT; };
		418E306913ED879C007858FB /* DisplayManager.cpp */ = {isa = PBXFileReference; fileEncoding = 4; lastKnownFileType = sourcecode.cpp.cpp; name = DisplayManager.cpp; path = ../../../BlipBox/firmware/DisplayManager.cpp; sourceTree = SOURCE_ROOT; };
		418E306A13ED879C007858FB /* DisplayManager.h */ = {isa = PBXFileReference; fileEncoding = 4; lastKnownFileType = sourcecode.c.h; name = DisplayManager.h; path = ../../../BlipBox/firmware/DisplayManager.h; sourceTree = SOURCE_ROOT; };
		418E306B13ED879C007858FB /* EventHandler.cpp */ = {isa = PBXFileReference; fileEncoding = 4; lastKnownFileType = sourcecode.cpp.cpp; name = EventHandler.cpp; path = ../../../BlipBox/firmware/EventHandler.cpp; sourceTree = SOURCE_ROOT; };
		418E306C13ED879C007858FB /* EventHandler.h */ = {isa = PBXFileReference; fileEncoding = 4; lastKnownFileType = sourcecode.c.h; name = EventHandler.h; path = ../../../BlipBox/firmware/EventHandler.h; sourceTree = SOURCE_ROOT; };
		418E306D13ED879C007858FB /* globals.cpp */ = {isa = PBXFileReference; fileEncoding = 4; lastKnownFileType = sourcecode.cpp.cpp; name = globals.cpp; path = ../../../BlipBox/firmware/globals.cpp; sourceTree = SOURCE_ROOT; };
		418E306E13ED879C007858FB /* KeyController.cpp */ = {isa = PBXFileReference; fileEncoding = 4; lastKnownFileType = sourcecode.cpp.cpp; name = KeyController.cpp; path = ../../../BlipBox/firmware/KeyController.cpp; sourceTree = SOURCE_ROOT; };
		418E306F13ED879C007858FB /* KeyController.h */ = {isa = PBXFileReference; fileEncoding = 4; lastKnownFileType = sourcecode.c.h; name = KeyController.h; path = ../../../BlipBox/firmware/KeyController.h; sourceTree = SOURCE_ROOT; };
		418E307013ED879C007858FB /* LedController.h */ = {isa = PBXFileReference; fileEncoding = 4; lastKnownFileType = sourcecode.c.h; name = LedController.h; path = ../../../BlipBox/firmware/LedController.h; sourceTree = SOURCE_ROOT; };
		418E307113ED879C007858FB /* MessageDispatcher.cpp */ = {isa = PBXFileReference; fileEncoding = 4; lastKnownFileType = sourcecode.cpp.cpp; name = MessageDispatcher.cpp; path = ../../../BlipBox/firmware/MessageDispatcher.cpp; sourceTree = SOURCE_ROOT; };
		418E307213ED879C007858FB /* MessageDispatcher.h */ = {isa = PBXFileReference; fileEncoding = 4; lastKnownFileType = sourcecode.c.h; name = MessageDispatcher.h; path = ../../../BlipBox/firmware/MessageDispatcher.h; sourceTree = SOURCE_ROOT; };
		418E307313ED879C007858FB /* MidiPresetReader.h */ = {isa = PBXFileReference; fileEncoding = 4; lastKnownFileType = sourcecode.c.h; name = MidiPresetReader.h; path = ../../../BlipBox/firmware/MidiPresetReader.h; sourceTree = SOURCE_ROOT; };
		418E307413ED879C007858FB /* MidiZone.cpp */ = {isa = PBXFileReference; fileEncoding = 4; lastKnownFileType = sourcecode.cpp.cpp; name = MidiZone.cpp; path = ../../../BlipBox/firmware/MidiZone.cpp; sourceTree = SOURCE_ROOT; };
		418E307513ED879C007858FB /* MidiZone.h */ = {isa = PBXFileReference; fileEncoding = 4; lastKnownFileType = sourcecode.c.h; name = MidiZone.h; path = ../../../BlipBox/firmware/MidiZone.h; sourceTree = SOURCE_ROOT; };
		418E307613ED879C007858FB /* MidiZoneEventHandler.cpp */ = {isa = PBXFileReference; fileEncoding = 4; lastKnownFileType = sourcecode.cpp.cpp; name = MidiZoneEventHandler.cpp; path = ../../../BlipBox/firmware/MidiZoneEventHandler.cpp; sourceTree = SOURCE_ROOT; };
		418E307713ED879C007858FB /* MidiZoneEventHandler.h */ = {isa = PBXFileReference; fileEncoding = 4; lastKnownFileType = sourcecode.c.h; name = MidiZoneEventHandler.h; path = ../../../BlipBox/firmware/MidiZoneEventHandler.h; sourceTree = SOURCE_ROOT; };
		418E307813ED879C007858FB /* MidiZoneProtocol.h */ = {isa = PBXFileReference; fileEncoding = 4; lastKnownFileType = sourcecode.c.h; name = MidiZoneProtocol.h; path = ../../../BlipBox/firmware/MidiZoneProtocol.h; sourceTree = SOURCE_ROOT; };
		418E307913ED879C007858FB /* Parameters.cpp */ = {isa = PBXFileReference; fileEncoding = 4; lastKnownFileType = sourcecode.cpp.cpp; name = Parameters.cpp; path = ../../../BlipBox/firmware/Parameters.cpp; sourceTree = SOURCE_ROOT; };
		418E307A13ED879C007858FB /* Parameters.h */ = {isa = PBXFileReference; fileEncoding = 4; lastKnownFileType = sourcecode.c.h; name = Parameters.h; path = ../../../BlipBox/firmware/Parameters.h; sourceTree = SOURCE_ROOT; };
		418E307B13ED879C007858FB /* Position.h */ = {isa = PBXFileReference; fileEncoding = 4; lastKnownFileType = sourcecode.c.h; name = Position.h; path = ../../../BlipBox/firmware/Position.h; sourceTree = SOURCE_ROOT; };
		418E307C13ED879C007858FB /* PresetChooser.cpp */ = {isa = PBXFileReference; fileEncoding = 4; lastKnownFileType = sourcecode.cpp.cpp; name = PresetChooser.cpp; path = ../../../BlipBox/firmware/PresetChooser.cpp; sourceTree = SOURCE_ROOT; };
		418E307D13ED879C007858FB /* PresetChooser.h */ = {isa = PBXFileReference; fileEncoding = 4; lastKnownFileType = sourcecode.c.h; name = PresetChooser.h; path = ../../../BlipBox/firmware/PresetChooser.h; sourceTree = SOURCE_ROOT; };
		418E307E13ED879C007858FB /* Protocol.h */ = {isa = PBXFileReference; fileEncoding = 4; lastKnownFileType = sourcecode.c.h; name = Protocol.h; path = ../../../BlipBox/firmware/Protocol.h; sourceTree = SOURCE_ROOT; };
		418E307F13ED879C007858FB /* serial.h */ = {isa = PBXFileReference; fileEncoding = 4; lastKnownFileType = sourcecode.c.h; name = serial.h; path = ../../../BlipBox/firmware/serial.h; sourceTree = SOURCE_ROOT; };
		418E308013ED879C007858FB /* SerialProtocol.cpp */ = {isa = PBXFileReference; fileEncoding = 4; lastKnownFileType = sourcecode.cpp.cpp; name = SerialProtocol.cpp; path = ../../../BlipBox/firmware/SerialProtocol.cpp; sourceTree = SOURCE_ROOT; };
		418E308113ED879C007858FB /* SerialProtocolReader.cpp */ = {isa = PBXFileReference; fileEncoding = 4; lastKnownFileType = sourcecode.cpp.cpp; name = SerialProtocolReader.cpp; path = ../../../BlipBox/firmware/SerialProtocolReader.cpp; sourceTree = SOURCE_ROOT; };
		418E308213ED879C007858FB /* SerialProtocolReader.h */ = {isa = PBXFileReference; fileEncoding = 4; lastKnownFileType = sourcecode.c.h; name = SerialProtocolReader.h; path = ../../../BlipBox/firmware/SerialProtocolReader.h; sourceTree = SOURCE_ROOT; };
		418E308313ED879C007858FB /* TouchController.h */ = {isa = PBXFileReference; fileEncoding = 4; lastKnownFileType = sourcecode.c.h; name = TouchController.h; path = ../../../BlipBox/firmware/TouchController.h; sourceTree = SOURCE_ROOT; };
		418E308413ED879C007858FB /* globals.h */ = {isa = PBXFileReference; fileEncoding = 4; lastKnownFileType = sourcecode.c.h; name = globals.h; path = ../../../BlipBox/firmware/globals.h; sourceTree = SOURCE_ROOT; };
		418E308513ED879C007858FB /* BlipBox.h */ = {isa = PBXFileReference; fileEncoding = 4; lastKnownFileType = sourcecode.c.h; name = BlipBox.h; path = ../../../BlipBox/firmware/BlipBox.h; sourceTree = SOURCE_ROOT; };
		418E30D913ED901D007858FB /* SimWindow.cpp */ = {isa = PBXFileReference; fileEncoding = 4; lastKnownFileType = sourcecode.cpp.cpp; name = SimWindow.cpp; path = ../../Source/SimWindow.cpp; sourceTree = SOURCE_ROOT; };
		418E30DA13ED901D007858FB /* SimWindow.h */ = {isa = PBXFileReference; fileEncoding = 4; lastKnownFileType = sourcecode.c.h; name = SimWindow.h; path = ../../Source/SimWindow.h; sourceTree = SOURCE_ROOT; };
		419421EA14003676004F8725 /* ApplicationSettingsComponent.cpp */ = {isa = PBXFileReference; fileEncoding = 4; lastKnownFileType = sourcecode.cpp.cpp; name = ApplicationSettingsComponent.cpp; path = ../../Source/ApplicationSettingsComponent.cpp; sourceTree = SOURCE_ROOT; };
		419421EB14003676004F8725 /* ApplicationSettingsComponent.h */ = {isa = PBXFileReference; fileEncoding = 4; lastKnownFileType = sourcecode.c.h; name = ApplicationSettingsComponent.h; path = ../../Source/ApplicationSettingsComponent.h; sourceTree = SOURCE_ROOT; };
		41E2CEBF13EEE90700329E3E /* blipbox.icns */ = {isa = PBXFileReference; lastKnownFileType = image.icns; name = blipbox.icns; path = ../../Resources/blipbox.icns; sourceTree = SOURCE_ROOT; };
		41E2CF3313EF2EB400329E3E /* MidiZoneComponent.cpp */ = {isa = PBXFileReference; fileEncoding = 4; lastKnownFileType = sourcecode.cpp.cpp; name = MidiZoneComponent.cpp; path = ../../Source/MidiZoneComponent.cpp; sourceTree = SOURCE_ROOT; };
		41E2CF3413EF2EB400329E3E /* MidiZoneComponent.h */ = {isa = PBXFileReference; fileEncoding = 4; lastKnownFileType = sourcecode.c.h; name = MidiZoneComponent.h; path = ../../Source/MidiZoneComponent.h; sourceTree = SOURCE_ROOT; };
		41E2CFE013EFF64500329E3E /* ApplicationConfiguration.cpp */ = {isa = PBXFileReference; fileEncoding = 4; lastKnownFileType = sourcecode.cpp.cpp; name = ApplicationConfiguration.cpp; path = ../../Source/ApplicationConfiguration.cpp; sourceTree = SOURCE_ROOT; };
		41E2CFE113EFF64500329E3E /* ApplicationConfiguration.h */ = {isa = PBXFileReference; fileEncoding = 4; lastKnownFileType = sourcecode.c.h; name = ApplicationConfiguration.h; path = ../../Source/ApplicationConfiguration.h; sourceTree = SOURCE_ROOT; };
		41E2CFE213EFF64500329E3E /* MidiMessageSender.h */ = {isa = PBXFileReference; fileEncoding = 4; lastKnownFileType = sourcecode.c.h; name = MidiMessageSender.h; path = ../../Source/MidiMessageSender.h; sourceTree = SOURCE_ROOT; };
		41E2CFE313EFF64500329E3E /* MidiZonePreset.h */ = {isa = PBXFileReference; fileEncoding = 4; lastKnownFileType = sourcecode.c.h; name = MidiZonePreset.h; path = ../../Source/MidiZonePreset.h; sourceTree = SOURCE_ROOT; };
		41E2D0CC13F1A78A00329E3E /* BlipSim.cpp */ = {isa = PBXFileReference; fileEncoding = 4; lastKnownFileType = sourcecode.cpp.cpp; name = BlipSim.cpp; path = ../../Source/BlipSim.cpp; sourceTree = SOURCE_ROOT; };
		41E2D0CD13F1A78A00329E3E /* BlipSim.h */ = {isa = PBXFileReference; fileEncoding = 4; lastKnownFileType = sourcecode.c.h; name = BlipSim.h; path = ../../Source/BlipSim.h; sourceTree = SOURCE_ROOT; };
		41E2D13013F1E1CF00329E3E /* MidiZonePreset.cpp */ = {isa = PBXFileReference; fileEncoding = 4; lastKnownFileType = sourcecode.cpp.cpp; name = MidiZonePreset.cpp; path = ../../Source/MidiZonePreset.cpp; sourceTree = SOURCE_ROOT; };
		41FA620C13EC12D400835570 /* EventHandler.h */ = {isa = PBXFileReference; fileEncoding = 4; lastKnownFileType = sourcecode.c.h; name = EventHandler.h; path = ../../Source/EventHandler.h; sourceTree = SOURCE_ROOT; };
		41FA620F13EC12D400835570 /* Position.h */ = {isa = PBXFileReference; fileEncoding = 4; lastKnownFileType = sourcecode.c.h; name = Position.h; path = ../../Source/Position.h; sourceTree = SOURCE_ROOT; };
		41FA621013EC12D400835570 /* PresetComponent.cpp */ = {isa = PBXFileReference; fileEncoding = 4; lastKnownFileType = sourcecode.cpp.cpp; name = PresetComponent.cpp; path = ../../Source/PresetComponent.cpp; sourceTree = SOURCE_ROOT; };
		41FA621113EC12D400835570 /* PresetComponent.h */ = {isa = PBXFileReference; fileEncoding = 4; lastKnownFileType = sourcecode.c.h; name = PresetComponent.h; path = ../../Source/PresetComponent.h; sourceTree = SOURCE_ROOT; };
		41FA621213EC12D400835570 /* Serial.h */ = {isa = PBXFileReference; fileEncoding = 4; lastKnownFileType = sourcecode.c.h; name = Serial.h; path = ../../Source/Serial.h; sourceTree = SOURCE_ROOT; };
		41FA621913EC131500835570 /* BlipClient.cpp */ = {isa = PBXFileReference; fileEncoding = 4; lastKnownFileType = sourcecode.cpp.cpp; name = BlipClient.cpp; path = ../../Source/BlipClient.cpp; sourceTree = SOURCE_ROOT; };
		41FA621A13EC131600835570 /* BlipClient.h */ = {isa = PBXFileReference; fileEncoding = 4; lastKnownFileType = sourcecode.c.h; name = BlipClient.h; path = ../../Source/BlipClient.h; sourceTree = SOURCE_ROOT; };
		4646F809AD6C93233832846A /* OpenGL.framework */ = {isa = PBXFileReference; lastKnownFileType = wrapper.framework; name = OpenGL.framework; path = System/Library/Frameworks/OpenGL.framework; sourceTree = SDKROOT; };
		47D7CB994BD84945D72F5A0E /* JuceLibraryCode4.mm */ = {isa = PBXFileReference; lastKnownFileType = sourcecode.cpp.objcpp; name = JuceLibraryCode4.mm; path = ../../JuceLibraryCode/JuceLibraryCode4.mm; sourceTree = SOURCE_ROOT; };
		5C47100C8F78F70EEC550FAB /* WebKit.framework */ = {isa = PBXFileReference; lastKnownFileType = wrapper.framework; name = WebKit.framework; path = System/Library/Frameworks/WebKit.framework; sourceTree = SDKROOT; };
		67111FF3B90A0DBCEBA57FE2 /* JuceHeader.h */ = {isa = PBXFileReference; lastKnownFileType = sourcecode.c.h; name = JuceHeader.h; path = ../../JuceLibraryCode/JuceHeader.h; sourceTree = SOURCE_ROOT; };
		69E3CE875903BE2F4EA94527 /* MainWindow.cpp */ = {isa = PBXFileReference; lastKnownFileType = sourcecode.cpp.cpp; name = MainWindow.cpp; path = ../../Source/MainWindow.cpp; sourceTree = SOURCE_ROOT; };
		7B7361960526D1CB4B74CF4F /* JuceLibraryCode1.mm */ = {isa = PBXFileReference; lastKnownFileType = sourcecode.cpp.objcpp; name = JuceLibraryCode1.mm; path = ../../JuceLibraryCode/JuceLibraryCode1.mm; sourceTree = SOURCE_ROOT; };
		8CDA65FDA1D2A8FD2A217035 /* DiscRecording.framework */ = {isa = PBXFileReference; lastKnownFileType = wrapper.framework; name = DiscRecording.framework; path = System/Library/Frameworks/DiscRecording.framework; sourceTree = SDKROOT; };
		9B91F8BB10F0597A05DEC3C5 /* CoreAudio.framework */ = {isa = PBXFileReference; lastKnownFileType = wrapper.framework; name = CoreAudio.framework; path = System/Library/Frameworks/CoreAudio.framework; sourceTree = SDKROOT; };
		AF954846A74FE95C77980B83 /* AppConfig.h */ = {isa = PBXFileReference; lastKnownFileType = sourcecode.c.h; name = AppConfig.h; path = ../../JuceLibraryCode/AppConfig.h; sourceTree = SOURCE_ROOT; };
		B121DEF6878456309C03792E /* QuickTime.framework */ = {isa = PBXFileReference; lastKnownFileType = wrapper.framework; name = QuickTime.framework; path = System/Library/Frameworks/QuickTime.framework; sourceTree = SDKROOT; };
		B49A3A92120153FE1F58528E /* JuceLibraryCode2.mm */ = {isa = PBXFileReference; lastKnownFileType = sourcecode.cpp.objcpp; name = JuceLibraryCode2.mm; path = ../../JuceLibraryCode/JuceLibraryCode2.mm; sourceTree = SOURCE_ROOT; };
		C27C3793A6FCE5F9F69F8C6E /* CoreMIDI.framework */ = {isa = PBXFileReference; lastKnownFileType = wrapper.framework; name = CoreMIDI.framework; path = System/Library/Frameworks/CoreMIDI.framework; sourceTree = SDKROOT; };
		DB0B82BCC9710D4366310C42 /* Info.plist */ = {isa = PBXFileReference; lastKnownFileType = text.plist.xml; path = Info.plist; sourceTree = SOURCE_ROOT; };
		EC95562A9E9EDC3E9B1A9061 /* Cocoa.framework */ = {isa = PBXFileReference; lastKnownFileType = wrapper.framework; name = Cocoa.framework; path = System/Library/Frameworks/Cocoa.framework; sourceTree = SDKROOT; };
		FA1714BA8849C34396A358C4 /* BlipZones.app */ = {isa = PBXFileReference; explicitFileType = wrapper.application; includeInIndex = 0; path = BlipZones.app; sourceTree = BUILT_PRODUCTS_DIR; };
		FD46F99396B85E6C9880FD31 /* IOKit.framework */ = {isa = PBXFileReference; lastKnownFileType = wrapper.framework; name = IOKit.framework; path = System/Library/Frameworks/IOKit.framework; sourceTree = SDKROOT; };
/* End PBXFileReference section */

/* Begin PBXFrameworksBuildPhase section */
		EFBDC416DA1800E547F5A0EB /* Frameworks */ = {
			isa = PBXFrameworksBuildPhase;
			buildActionMask = 2147483647;
			files = (
				5305BD92F3F36EE5F903C84B /* Cocoa.framework in Frameworks */,
				9F3988E5875DC905119D69B9 /* Carbon.framework in Frameworks */,
				EA56E96EC2815026A27EF591 /* IOKit.framework in Frameworks */,
				39D9936319B814801DBA9C64 /* CoreAudio.framework in Frameworks */,
				AE86D65581912C65DFB1C2AB /* CoreMIDI.framework in Frameworks */,
				CD6C0998B8F2D44EB4A62E1F /* WebKit.framework in Frameworks */,
				036824D38ADF25185AF0A6C7 /* DiscRecording.framework in Frameworks */,
				82B1149437A9B20669D825CA /* OpenGL.framework in Frameworks */,
				B2187236A44707AC00748B74 /* QuartzCore.framework in Frameworks */,
				7A0FA79588881FE82E90A5CF /* QTKit.framework in Frameworks */,
				069EFA169E7D570081DFF109 /* QuickTime.framework in Frameworks */,
			);
			runOnlyForDeploymentPostprocessing = 0;
		};
/* End PBXFrameworksBuildPhase section */

/* Begin PBXGroup section */
		0D8CFC996F400297911D71A3 /* Juce Library Code */ = {
			isa = PBXGroup;
			children = (
				AF954846A74FE95C77980B83 /* AppConfig.h */,
				67111FF3B90A0DBCEBA57FE2 /* JuceHeader.h */,
				7B7361960526D1CB4B74CF4F /* JuceLibraryCode1.mm */,
				B49A3A92120153FE1F58528E /* JuceLibraryCode2.mm */,
				0EB1F29D2EFDD611F33CD6CE /* JuceLibraryCode3.mm */,
				47D7CB994BD84945D72F5A0E /* JuceLibraryCode4.mm */,
			);
			name = "Juce Library Code";
			sourceTree = "<group>";
		};
		37E4663821DAE593C016B4D5 /* Source */ = {
			isa = PBXGroup;
			children = (
				416582A61403D030001812F1 /* BlipSimComponent.cpp */,
				416582A71403D030001812F1 /* BlipSimComponent.h */,
				416582A81403D030001812F1 /* OverflowTimer.h */,
				416582A91403D030001812F1 /* SimScreen.cpp */,
				416582AA1403D030001812F1 /* SimScreen.h */,
				419421EA14003676004F8725 /* ApplicationSettingsComponent.cpp */,
				419421EB14003676004F8725 /* ApplicationSettingsComponent.h */,
				41E2D13013F1E1CF00329E3E /* MidiZonePreset.cpp */,
				41E2D0CC13F1A78A00329E3E /* BlipSim.cpp */,
				41E2D0CD13F1A78A00329E3E /* BlipSim.h */,
				41E2CFE013EFF64500329E3E /* ApplicationConfiguration.cpp */,
				41E2CFE113EFF64500329E3E /* ApplicationConfiguration.h */,
				41E2CFE213EFF64500329E3E /* MidiMessageSender.h */,
				41E2CFE313EFF64500329E3E /* MidiZonePreset.h */,
				41E2CF3313EF2EB400329E3E /* MidiZoneComponent.cpp */,
				41E2CF3413EF2EB400329E3E /* MidiZoneComponent.h */,
				418E30D913ED901D007858FB /* SimWindow.cpp */,
				418E30DA13ED901D007858FB /* SimWindow.h */,
				41FA621913EC131500835570 /* BlipClient.cpp */,
				41FA621A13EC131600835570 /* BlipClient.h */,
				41FA620C13EC12D400835570 /* EventHandler.h */,
				41FA620F13EC12D400835570 /* Position.h */,
				41FA621013EC12D400835570 /* PresetComponent.cpp */,
				41FA621113EC12D400835570 /* PresetComponent.h */,
				41FA621213EC12D400835570 /* Serial.h */,
				69E3CE875903BE2F4EA94527 /* MainWindow.cpp */,
				201E2BC57EDDA2796285F7F6 /* MainWindow.h */,
				0BC5FFEF408E7788EDAE3A3C /* Main.cpp */,
			);
			name = Source;
			sourceTree = "<group>";
		};
		418E305013ED879C007858FB /* BlipBox */ = {
			isa = PBXGroup;
			children = (
				415BC8C613F4CAC0009FAF1E /* Command.h */,
				418E305E13ED879C007858FB /* Animator.cpp */,
				418E305F13ED879C007858FB /* Animator.h */,
				418E306013ED879C007858FB /* BlipBox.cpp */,
				418E306113ED879C007858FB /* Characters.cpp */,
				418E306213ED879C007858FB /* Characters.h */,
				418E306313ED879C007858FB /* Configuration.cpp */,
				418E306413ED879C007858FB /* Configuration.h */,
				418E306513ED879C007858FB /* Counter.h */,
				418E306613ED879C007858FB /* defs.h */,
				418E306713ED879C007858FB /* device.h */,
				418E306813ED879C007858FB /* DirectCounter.cpp */,
				418E306913ED879C007858FB /* DisplayManager.cpp */,
				418E306A13ED879C007858FB /* DisplayManager.h */,
				418E306B13ED879C007858FB /* EventHandler.cpp */,
				418E306C13ED879C007858FB /* EventHandler.h */,
				418E306D13ED879C007858FB /* globals.cpp */,
				418E306E13ED879C007858FB /* KeyController.cpp */,
				418E306F13ED879C007858FB /* KeyController.h */,
				418E307013ED879C007858FB /* LedController.h */,
				418E307113ED879C007858FB /* MessageDispatcher.cpp */,
				418E307213ED879C007858FB /* MessageDispatcher.h */,
				418E307313ED879C007858FB /* MidiPresetReader.h */,
				418E307413ED879C007858FB /* MidiZone.cpp */,
				418E307513ED879C007858FB /* MidiZone.h */,
				418E307613ED879C007858FB /* MidiZoneEventHandler.cpp */,
				418E307713ED879C007858FB /* MidiZoneEventHandler.h */,
				418E307813ED879C007858FB /* MidiZoneProtocol.h */,
				418E307913ED879C007858FB /* Parameters.cpp */,
				418E307A13ED879C007858FB /* Parameters.h */,
				418E307B13ED879C007858FB /* Position.h */,
				418E307C13ED879C007858FB /* PresetChooser.cpp */,
				418E307D13ED879C007858FB /* PresetChooser.h */,
				418E307E13ED879C007858FB /* Protocol.h */,
				418E307F13ED879C007858FB /* serial.h */,
				418E308013ED879C007858FB /* SerialProtocol.cpp */,
				418E308113ED879C007858FB /* SerialProtocolReader.cpp */,
				418E308213ED879C007858FB /* SerialProtocolReader.h */,
				418E308313ED879C007858FB /* TouchController.h */,
				418E308413ED879C007858FB /* globals.h */,
				418E308513ED879C007858FB /* BlipBox.h */,
				418E305113ED879C007858FB /* simulator */,
			);
			name = BlipBox;
			sourceTree = "<group>";
		};
		418E305113ED879C007858FB /* simulator */ = {
			isa = PBXGroup;
			children = (
				418E305B13ED879C007858FB /* FiveWireTouchController.cpp */,
				418E305213ED879C007858FB /* avr */,
			);
			name = simulator;
			sourceTree = "<group>";
		};
		418E305213ED879C007858FB /* avr */ = {
			isa = PBXGroup;
			children = (
				418E305313ED879C007858FB /* eeprom.c */,
				418E305413ED879C007858FB /* eeprom.h */,
				418E305513ED879C007858FB /* interrupt.c */,
				418E305613ED879C007858FB /* interrupt.h */,
				418E305713ED879C007858FB /* io.c */,
				418E305813ED879C007858FB /* io.h */,
				418E305913ED879C007858FB /* pgmspace.c */,
				418E305A13ED879C007858FB /* pgmspace.h */,
			);
			name = avr;
			sourceTree = "<group>";
		};
		C2FA7C7DC4BD36D5512176C4 /* Resources */ = {
			isa = PBXGroup;
			children = (
				41E2CEBF13EEE90700329E3E /* blipbox.icns */,
				DB0B82BCC9710D4366310C42 /* Info.plist */,
			);
			name = Resources;
			sourceTree = "<group>";
		};
		E5A92342AA26D9CDC17F2026 /* Frameworks */ = {
			isa = PBXGroup;
			children = (
				EC95562A9E9EDC3E9B1A9061 /* Cocoa.framework */,
				2BDBD52034C01DC96C596BF5 /* Carbon.framework */,
				FD46F99396B85E6C9880FD31 /* IOKit.framework */,
				9B91F8BB10F0597A05DEC3C5 /* CoreAudio.framework */,
				C27C3793A6FCE5F9F69F8C6E /* CoreMIDI.framework */,
				5C47100C8F78F70EEC550FAB /* WebKit.framework */,
				8CDA65FDA1D2A8FD2A217035 /* DiscRecording.framework */,
				4646F809AD6C93233832846A /* OpenGL.framework */,
				0B041D56E8CA4C914812DF01 /* QuartzCore.framework */,
				0E9C9572A50DB8EA6E51E1C2 /* QTKit.framework */,
				B121DEF6878456309C03792E /* QuickTime.framework */,
			);
			name = Frameworks;
			sourceTree = "<group>";
		};
		F0BEF0DE09564404BC747582 /* Products */ = {
			isa = PBXGroup;
			children = (
				FA1714BA8849C34396A358C4 /* BlipZones.app */,
			);
			name = Products;
			sourceTree = "<group>";
		};
		F3419B0B0090B3979E58CB67 /* Source */ = {
			isa = PBXGroup;
			children = (
				418E305013ED879C007858FB /* BlipBox */,
				37E4663821DAE593C016B4D5 /* Source */,
				0D8CFC996F400297911D71A3 /* Juce Library Code */,
				C2FA7C7DC4BD36D5512176C4 /* Resources */,
				E5A92342AA26D9CDC17F2026 /* Frameworks */,
				F0BEF0DE09564404BC747582 /* Products */,
			);
			name = Source;
			sourceTree = "<group>";
		};
/* End PBXGroup section */

/* Begin PBXNativeTarget section */
		B3C91E297F9C2403778F1CA8 /* BlipZones */ = {
			isa = PBXNativeTarget;
			buildConfigurationList = 83C29675B8F998CFF6C00878 /* Build configuration list for PBXNativeTarget "BlipZones" */;
			buildPhases = (
				6F01A86D2131CB7054117D3D /* Resources */,
				3B9894DCF12DC5DDBD13B1EA /* Sources */,
				EFBDC416DA1800E547F5A0EB /* Frameworks */,
			);
			buildRules = (
			);
			dependencies = (
			);
			name = BlipZones;
			productInstallPath = "$(HOME)/Applications";
			productName = BlipZones;
			productReference = FA1714BA8849C34396A358C4 /* BlipZones.app */;
			productType = "com.apple.product-type.application";
		};
/* End PBXNativeTarget section */

/* Begin PBXProject section */
		BE73B0726FB242F4E37541F0 /* Project object */ = {
			isa = PBXProject;
			buildConfigurationList = EC907A3AD886EE7756C0E385 /* Build configuration list for PBXProject "BlipZones" */;
			compatibilityVersion = "Xcode 3.1";
			developmentRegion = English;
			hasScannedForEncodings = 0;
			knownRegions = (
				English,
				Japanese,
				French,
				German,
			);
			mainGroup = F3419B0B0090B3979E58CB67 /* Source */;
			projectDirPath = "";
			projectRoot = "";
			targets = (
				B3C91E297F9C2403778F1CA8 /* BlipZones */,
			);
		};
/* End PBXProject section */

/* Begin PBXResourcesBuildPhase section */
		6F01A86D2131CB7054117D3D /* Resources */ = {
			isa = PBXResourcesBuildPhase;
			buildActionMask = 2147483647;
			files = (
				41E2CEC013EEE90800329E3E /* blipbox.icns in Resources */,
			);
			runOnlyForDeploymentPostprocessing = 0;
		};
/* End PBXResourcesBuildPhase section */

/* Begin PBXSourcesBuildPhase section */
		3B9894DCF12DC5DDBD13B1EA /* Sources */ = {
			isa = PBXSourcesBuildPhase;
			buildActionMask = 2147483647;
			files = (
				3F815EA2C165CCF5B2E833D5 /* MainWindow.cpp in Sources */,
				EAEFD2BA9DDACF751C545ED7 /* Main.cpp in Sources */,
				E36F39979FBA754C3369E65A /* JuceLibraryCode1.mm in Sources */,
				EFF649387B853C546D4F2A55 /* JuceLibraryCode2.mm in Sources */,
				FB8C59C95740036C97146F60 /* JuceLibraryCode3.mm in Sources */,
				0723696A320BD974C2F9A36B /* JuceLibraryCode4.mm in Sources */,
				41FA621413EC12D400835570 /* PresetComponent.cpp in Sources */,
				41FA621B13EC131600835570 /* BlipClient.cpp in Sources */,
				418E308C13ED879C007858FB /* eeprom.c in Sources */,
				418E308D13ED879C007858FB /* interrupt.c in Sources */,
				418E308E13ED879C007858FB /* io.c in Sources */,
				418E308F13ED879C007858FB /* pgmspace.c in Sources */,
				418E309013ED879C007858FB /* FiveWireTouchController.cpp in Sources */,
				418E309313ED879C007858FB /* Animator.cpp in Sources */,
				418E309413ED879C007858FB /* BlipBox.cpp in Sources */,
				418E309513ED879C007858FB /* Characters.cpp in Sources */,
				418E309613ED879C007858FB /* Configuration.cpp in Sources */,
				418E309713ED879C007858FB /* DirectCounter.cpp in Sources */,
				418E309813ED879C007858FB /* DisplayManager.cpp in Sources */,
				418E309913ED879C007858FB /* EventHandler.cpp in Sources */,
				418E309A13ED879C007858FB /* globals.cpp in Sources */,
				418E309B13ED879C007858FB /* KeyController.cpp in Sources */,
				418E309C13ED879C007858FB /* MessageDispatcher.cpp in Sources */,
				418E309D13ED879C007858FB /* MidiZone.cpp in Sources */,
				418E309E13ED879C007858FB /* MidiZoneEventHandler.cpp in Sources */,
				418E309F13ED879C007858FB /* Parameters.cpp in Sources */,
				418E30A013ED879C007858FB /* PresetChooser.cpp in Sources */,
				418E30A113ED879C007858FB /* SerialProtocol.cpp in Sources */,
				418E30A213ED879C007858FB /* SerialProtocolReader.cpp in Sources */,
				418E30DB13ED901D007858FB /* SimWindow.cpp in Sources */,
				41E2CF3513EF2EB400329E3E /* MidiZoneComponent.cpp in Sources */,
				41E2CFE413EFF64500329E3E /* ApplicationConfiguration.cpp in Sources */,
				41E2D0CE13F1A78A00329E3E /* BlipSim.cpp in Sources */,
				41E2D13113F1E1CF00329E3E /* MidiZonePreset.cpp in Sources */,
				419421EC14003676004F8725 /* ApplicationSettingsComponent.cpp in Sources */,
				416582AB1403D030001812F1 /* BlipSimComponent.cpp in Sources */,
				416582AC1403D030001812F1 /* SimScreen.cpp in Sources */,
			);
			runOnlyForDeploymentPostprocessing = 0;
		};
/* End PBXSourcesBuildPhase section */

/* Begin XCBuildConfiguration section */
		239ED1804572CB01093F18BB /* Release */ = {
			isa = XCBuildConfiguration;
			buildSettings = {
				ALWAYS_SEARCH_USER_PATHS = NO;
				DEBUG_INFORMATION_FORMAT = dwarf;
				GCC_C_LANGUAGE_STANDARD = c99;
				GCC_INLINES_ARE_PRIVATE_EXTERN = YES;
				GCC_MODEL_TUNING = G5;
				GCC_WARN_ABOUT_RETURN_TYPE = YES;
				GCC_WARN_CHECK_SWITCH_STATEMENTS = YES;
				GCC_WARN_MISSING_PARENTHESES = YES;
				GCC_WARN_NON_VIRTUAL_DESTRUCTOR = YES;
				GCC_WARN_TYPECHECK_CALLS_TO_PRINTF = YES;
				GCC_WARN_UNUSED_VARIABLE = YES;
				PRODUCT_NAME = BlipZones;
				WARNING_CFLAGS = "-Wreorder";
				ZERO_LINK = NO;
			};
			name = Release;
		};
		30071E146CBBB98BD56106A7 /* Debug */ = {
			isa = XCBuildConfiguration;
			buildSettings = {
				ALWAYS_SEARCH_USER_PATHS = NO;
				DEBUG_INFORMATION_FORMAT = dwarf;
				GCC_C_LANGUAGE_STANDARD = c99;
				GCC_INLINES_ARE_PRIVATE_EXTERN = YES;
				GCC_MODEL_TUNING = G5;
				GCC_WARN_ABOUT_RETURN_TYPE = YES;
				GCC_WARN_CHECK_SWITCH_STATEMENTS = YES;
				GCC_WARN_MISSING_PARENTHESES = YES;
				GCC_WARN_NON_VIRTUAL_DESTRUCTOR = YES;
				GCC_WARN_TYPECHECK_CALLS_TO_PRINTF = YES;
				GCC_WARN_UNUSED_VARIABLE = YES;
				PRODUCT_NAME = BlipZones;
				WARNING_CFLAGS = "-Wreorder";
				ZERO_LINK = NO;
			};
			name = Debug;
		};
		4F655F5AA820498CDCC271EB /* Release */ = {
			isa = XCBuildConfiguration;
			buildSettings = {
				GCC_GENERATE_DEBUGGING_SYMBOLS = NO;
				GCC_OPTIMIZATION_LEVEL = s;
				GCC_PREPROCESSOR_DEFINITIONS = (
					"_NDEBUG=1",
					"NDEBUG=1",
					"JUCE_ObjCExtraSuffix=Q4ONJ",
					"JUCER_XCODE_MAC_F6D2F4CF=1",
				);
				GCC_SYMBOLS_PRIVATE_EXTERN = YES;
				HEADER_SEARCH_PATHS = (
					"\"$(SRCROOT)/../../../BlipBox/firmware/simulator\"",
					"$(inherited)",
				);
				INFOPLIST_FILE = Info.plist;
				INSTALL_PATH = "$(HOME)/Applications";
				MACOSX_DEPLOYMENT_TARGET_ppc = 10.4;
				PREBINDING = NO;
			};
			name = Release;
		};
		B5C9D7E78DC8B4A2C566F313 /* Debug */ = {
			isa = XCBuildConfiguration;
			buildSettings = {
				COPY_PHASE_STRIP = NO;
				GCC_DYNAMIC_NO_PIC = NO;
				GCC_ENABLE_FIX_AND_CONTINUE = NO;
				GCC_OPTIMIZATION_LEVEL = 0;
				GCC_PREPROCESSOR_DEFINITIONS = (
					"_DEBUG=1",
					"DEBUG=1",
					"JUCE_ObjCExtraSuffix=Q4ONJ",
					"JUCER_XCODE_MAC_F6D2F4CF=1",
				);
				HEADER_SEARCH_PATHS = (
					"\"$(SRCROOT)/../../../BlipBox/firmware/simulator\"",
					"$(inherited)",
				);
				INFOPLIST_FILE = Info.plist;
				INSTALL_PATH = "$(HOME)/Applications";
				MACOSX_DEPLOYMENT_TARGET_ppc = 10.4;
				ONLY_ACTIVE_ARCH = YES;
				PREBINDING = NO;
			};
			name = Debug;
		};
/* End XCBuildConfiguration section */

/* Begin XCConfigurationList section */
		83C29675B8F998CFF6C00878 /* Build configuration list for PBXNativeTarget "BlipZones" */ = {
			isa = XCConfigurationList;
			buildConfigurations = (
				B5C9D7E78DC8B4A2C566F313 /* Debug */,
				4F655F5AA820498CDCC271EB /* Release */,
			);
			defaultConfigurationIsVisible = 0;
			defaultConfigurationName = Debug;
		};
		EC907A3AD886EE7756C0E385 /* Build configuration list for PBXProject "BlipZones" */ = {
			isa = XCConfigurationList;
			buildConfigurations = (
				30071E146CBBB98BD56106A7 /* Debug */,
				239ED1804572CB01093F18BB /* Release */,
			);
			defaultConfigurationIsVisible = 0;
			defaultConfigurationName = Debug;
		};
/* End XCConfigurationList section */
	};
	rootObject = BE73B0726FB242F4E37541F0 /* Project object */;
}
