// !$*UTF8*$!
{
	archiveVersion = 1;
	classes = {
	};
	objectVersion = 45;
	objects = {

		F71C5835AA69DD3ACB4BEBD6 = { isa = PBXBuildFile; fileRef = 3CDBEAE055F0588BAB5B1964; };
		9F3988E5875DC905119D69B9 = { isa = PBXBuildFile; fileRef = 2BDBD52034C01DC96C596BF5; };
		5305BD92F3F36EE5F903C84B = { isa = PBXBuildFile; fileRef = EC95562A9E9EDC3E9B1A9061; };
		39D9936319B814801DBA9C64 = { isa = PBXBuildFile; fileRef = 9B91F8BB10F0597A05DEC3C5; };
		AE86D65581912C65DFB1C2AB = { isa = PBXBuildFile; fileRef = C27C3793A6FCE5F9F69F8C6E; };
		036824D38ADF25185AF0A6C7 = { isa = PBXBuildFile; fileRef = 8CDA65FDA1D2A8FD2A217035; };
		EA56E96EC2815026A27EF591 = { isa = PBXBuildFile; fileRef = FD46F99396B85E6C9880FD31; };
		82B1149437A9B20669D825CA = { isa = PBXBuildFile; fileRef = 4646F809AD6C93233832846A; };
		7A0FA79588881FE82E90A5CF = { isa = PBXBuildFile; fileRef = 0E9C9572A50DB8EA6E51E1C2; };
		B2187236A44707AC00748B74 = { isa = PBXBuildFile; fileRef = 0B041D56E8CA4C914812DF01; };
		069EFA169E7D570081DFF109 = { isa = PBXBuildFile; fileRef = B121DEF6878456309C03792E; };
		CD6C0998B8F2D44EB4A62E1F = { isa = PBXBuildFile; fileRef = 5C47100C8F78F70EEC550FAB; };
		77C7207C3B711A995ECDBC74 = { isa = PBXBuildFile; fileRef = 90FE5B0035225F3C4DEC84C2; };
		81732AAA85794F71AFCB170C = { isa = PBXBuildFile; fileRef = 05716102AD70BD125ED42BDA; };
		0E81320090CBA44873DFB86C = { isa = PBXBuildFile; fileRef = DA674D0C5E728A27056319C5; };
		9454F2A0089170EA0DAFEF5B = { isa = PBXBuildFile; fileRef = 720184C25DD227D7CC21C80B; };
		28DC16EF518E8C490EDE65FE = { isa = PBXBuildFile; fileRef = F22C39DEFBC002FC32A53104; };
		159D3E5BC01B0EEE15A9E328 = { isa = PBXBuildFile; fileRef = 592BF688E76C3E6A83C7F9AC; };
		E9BDFA803311EF0619137DCF = { isa = PBXBuildFile; fileRef = B54960DD02F5C9C1600A6969; };
		4EA85D35DDD6F26B0C161CF6 = { isa = PBXBuildFile; fileRef = FA0711B412B15DC5FE29EE5F; };
		7EF11CCDAB43D78D5D80EADD = { isa = PBXBuildFile; fileRef = FCC032539A2BAAEEF1BAE355; };
		F50CF0CC56F6BA6CAE19C653 = { isa = PBXBuildFile; fileRef = 395C9A239A2F397A3AFDDD47; };
		E23BC9EB4036B3FAB396BE4D = { isa = PBXBuildFile; fileRef = 570D91D5D749A6C827895A84; };
		26910F110DC34DD16624C55A = { isa = PBXBuildFile; fileRef = 90CA4E3B66FCAED6E9B761AE; };
		E8849F36894696AFEDAC7FBE = { isa = PBXBuildFile; fileRef = 6C8A68D5EF029999EA6109A4; };
		DB30F69E948BB93E0FB3251E = { isa = PBXBuildFile; fileRef = B00B43664A84156175CC3773; };
		C43200160215609507ABB83C = { isa = PBXBuildFile; fileRef = 199ED66AC91FB267E8FF5CE7; };
		24FE4AD01B64790BD83A75F2 = { isa = PBXBuildFile; fileRef = B47AFE3755DCECDC3A8C9105; };
		A2D436E8BD4F478C63592D77 = { isa = PBXBuildFile; fileRef = 3A665DAFDF09F3E8D37B9025; };
		72CA0CED3B65FD043ED92EFD = { isa = PBXBuildFile; fileRef = 6B4DA37723DF8899C29972FC; };
		0CA9A9E393B96DABAE67B4BF = { isa = PBXBuildFile; fileRef = DAAE659AC53757297006E2FB; };
		FF012B98D1B33BF463191B71 = { isa = PBXBuildFile; fileRef = C5E6B56CA59565A658D32A52; };
		DFC8EF40765ADEC2AAD955E0 = { isa = PBXBuildFile; fileRef = F204E01626994DA0F1277803; };
		14C04D76F74226E05BB685B0 = { isa = PBXBuildFile; fileRef = 8A7F6F134D85E6FD645FCB57; };
		E95FB55D0AF7241393A33C5B = { isa = PBXBuildFile; fileRef = 3633C52A42C10B3C68C6F725; };
		D04EDF3303086EDE7D74654D = { isa = PBXBuildFile; fileRef = 7C62614B21925E8E8A424123; };
		7959587CF0CDD8D15D1DE427 = { isa = PBXBuildFile; fileRef = 0B0A69855A7F8C062E7C3A7B; };
		C7F98798B2AFD87CC8AFD1A4 = { isa = PBXBuildFile; fileRef = 4BC5DC2F1E516B123A432500; };
		C16EC23CA8ED5104CE32092C = { isa = PBXBuildFile; fileRef = B37801490B33221F20D7FABE; };
		EA4B358DDCB3C3454B6F0B6D = { isa = PBXBuildFile; fileRef = F590A62C5F53226EAD488C05; };
		D14F15B6703295C8F64F5620 = { isa = PBXBuildFile; fileRef = ABD717D6A2B99B3E3FFC0E14; };
		DB9C36704CEE2A4091EB15D3 = { isa = PBXBuildFile; fileRef = EBD926A0B121AA0A48AC2756; };
		5A9B745A4CF6E9B99F625169 = { isa = PBXBuildFile; fileRef = 4156FDFA57CB9E875DEE5C7A; };
		F9A36BB90BBC016089CF3E44 = { isa = PBXBuildFile; fileRef = C4DF7781AF2F36C8359C56D0; };
		D398705C2B10E1DB45A78F08 = { isa = PBXBuildFile; fileRef = E8924FEB0E7CF99209B99B19; };
		F13B742D7FB7747E8EBD9604 = { isa = PBXBuildFile; fileRef = 2D04D2765BBE8746944D3D6E; };
		2B0C7A9D7361F4FF20FB7D8B = { isa = PBXBuildFile; fileRef = 2869E883B48DF24E6C409AFF; };
		0FEA6C8CBFB798A19A8C43BF = { isa = PBXBuildFile; fileRef = C4621B9BF5FB0E6B7CC40359; };
		40A0DEE6CCB568B97B4B6942 = { isa = PBXBuildFile; fileRef = DEE1C66336F5D9D46770F1D0; };
		A9E34DDD2DBBFF79C037B998 = { isa = PBXBuildFile; fileRef = ADBAB30F91E19C5690C81492; };
		53787FCBE80B7440E9D63F28 = { isa = PBXBuildFile; fileRef = 0F27AC4DE1C689E886E341E0; };
		496271737F61DECBB9980E10 = { isa = PBXBuildFile; fileRef = 396E821AA125556416BD4CD1; };
		5E0EE15CCCF677DF49C32E5F = { isa = PBXBuildFile; fileRef = E832D5201F79B4C196A8AEB2; };
		C9517C3150BA2A09F2A914D5 = { isa = PBXBuildFile; fileRef = E15D74B4DFFF343958E0C9BC; };
		E85C7E29F7A7DB8E82AEB523 = { isa = PBXBuildFile; fileRef = D1C0D693490BB7CFAA44E7B2; };
		FA51028A113C207E4E677340 = { isa = PBXBuildFile; fileRef = F682139A328C8A529BC1C572; };
		80B1703C91850918C834C032 = { isa = PBXBuildFile; fileRef = 94CD8F31265CC481E0974A9C; };
		5D821375EC14928BE91382F0 = { isa = PBXBuildFile; fileRef = 6D8F94C43D51A020517D1C09; };
		3F815EA2C165CCF5B2E833D5 = { isa = PBXBuildFile; fileRef = 69E3CE875903BE2F4EA94527; };
		EAEFD2BA9DDACF751C545ED7 = { isa = PBXBuildFile; fileRef = 0BC5FFEF408E7788EDAE3A3C; };
		F6EE8D1F038E0BBB0C44851B = { isa = PBXBuildFile; fileRef = BAE37E17112F357A454A9DDB; };
		5551CE3056CBBF63574887C8 = { isa = PBXBuildFile; fileRef = 846B1A20A060845FDE601C37; };
		71F5C2BBD95AA04C4203E94D = { isa = PBXBuildFile; fileRef = E298CBF215030626A1ACC5DC; };
		41F00686466A35B446F21DD4 = { isa = PBXBuildFile; fileRef = B75DE44B1A36EA8FC1770949; };
		4F95C2A72AD5660572349E8B = { isa = PBXBuildFile; fileRef = F5124573ABD695FB00185620; };
		3CDBEAE055F0588BAB5B1964 = { isa = PBXFileReference; lastKnownFileType = wrapper.framework; name = AudioToolbox.framework; path = System/Library/Frameworks/AudioToolbox.framework; sourceTree = SDKROOT; };
		2BDBD52034C01DC96C596BF5 = { isa = PBXFileReference; lastKnownFileType = wrapper.framework; name = Carbon.framework; path = System/Library/Frameworks/Carbon.framework; sourceTree = SDKROOT; };
		EC95562A9E9EDC3E9B1A9061 = { isa = PBXFileReference; lastKnownFileType = wrapper.framework; name = Cocoa.framework; path = System/Library/Frameworks/Cocoa.framework; sourceTree = SDKROOT; };
		9B91F8BB10F0597A05DEC3C5 = { isa = PBXFileReference; lastKnownFileType = wrapper.framework; name = CoreAudio.framework; path = System/Library/Frameworks/CoreAudio.framework; sourceTree = SDKROOT; };
		C27C3793A6FCE5F9F69F8C6E = { isa = PBXFileReference; lastKnownFileType = wrapper.framework; name = CoreMIDI.framework; path = System/Library/Frameworks/CoreMIDI.framework; sourceTree = SDKROOT; };
		8CDA65FDA1D2A8FD2A217035 = { isa = PBXFileReference; lastKnownFileType = wrapper.framework; name = DiscRecording.framework; path = System/Library/Frameworks/DiscRecording.framework; sourceTree = SDKROOT; };
		FD46F99396B85E6C9880FD31 = { isa = PBXFileReference; lastKnownFileType = wrapper.framework; name = IOKit.framework; path = System/Library/Frameworks/IOKit.framework; sourceTree = SDKROOT; };
		4646F809AD6C93233832846A = { isa = PBXFileReference; lastKnownFileType = wrapper.framework; name = OpenGL.framework; path = System/Library/Frameworks/OpenGL.framework; sourceTree = SDKROOT; };
		0E9C9572A50DB8EA6E51E1C2 = { isa = PBXFileReference; lastKnownFileType = wrapper.framework; name = QTKit.framework; path = System/Library/Frameworks/QTKit.framework; sourceTree = SDKROOT; };
		0B041D56E8CA4C914812DF01 = { isa = PBXFileReference; lastKnownFileType = wrapper.framework; name = QuartzCore.framework; path = System/Library/Frameworks/QuartzCore.framework; sourceTree = SDKROOT; };
		B121DEF6878456309C03792E = { isa = PBXFileReference; lastKnownFileType = wrapper.framework; name = QuickTime.framework; path = System/Library/Frameworks/QuickTime.framework; sourceTree = SDKROOT; };
		5C47100C8F78F70EEC550FAB = { isa = PBXFileReference; lastKnownFileType = wrapper.framework; name = WebKit.framework; path = System/Library/Frameworks/WebKit.framework; sourceTree = SDKROOT; };
		FA1714BA8849C34396A358C4 = { isa = PBXFileReference; explicitFileType = wrapper.application; includeInIndex = 0; path = BlipZones.app; sourceTree = "BUILT_PRODUCTS_DIR"; };
		DB0B82BCC9710D4366310C42 = { isa = PBXFileReference; lastKnownFileType = text.plist.xml; name = Info.plist; path = Info.plist; sourceTree = "SOURCE_ROOT"; };
		BDC58CE625E3F0DD2BFCC15A = { isa = PBXFileReference; lastKnownFileType = image.png; name = DeleteButtonSmall.png; path = ../../Resources/DeleteButtonSmall.png; sourceTree = "SOURCE_ROOT"; };
		6A2624DBD12C79CBAB1FF5B6 = { isa = PBXFileReference; lastKnownFileType = file.icns; name = blipbox.icns; path = ../../Resources/blipbox.icns; sourceTree = "SOURCE_ROOT"; };
		90FE5B0035225F3C4DEC84C2 = { isa = PBXFileReference; lastKnownFileType = sourcecode.cpp.cpp; name = ZoneListBox.cpp; path = ../../Source/ZoneListBox.cpp; sourceTree = "SOURCE_ROOT"; };
		443DD29C1CD478A286B7015A = { isa = PBXFileReference; lastKnownFileType = sourcecode.c.h; name = ZoneListBox.h; path = ../../Source/ZoneListBox.h; sourceTree = "SOURCE_ROOT"; };
		05716102AD70BD125ED42BDA = { isa = PBXFileReference; lastKnownFileType = sourcecode.cpp.cpp; name = MidiNoteRangeComponent.cpp; path = ../../Source/MidiNoteRangeComponent.cpp; sourceTree = "SOURCE_ROOT"; };
		D157564BDA2E25789E1F7A30 = { isa = PBXFileReference; lastKnownFileType = sourcecode.c.h; name = MidiNoteRangeComponent.h; path = ../../Source/MidiNoteRangeComponent.h; sourceTree = "SOURCE_ROOT"; };
		DA674D0C5E728A27056319C5 = { isa = PBXFileReference; lastKnownFileType = sourcecode.cpp.cpp; name = ControlVoltageComponent.cpp; path = ../../Source/ControlVoltageComponent.cpp; sourceTree = "SOURCE_ROOT"; };
		DAF892BC2874B5BE59A7E3B9 = { isa = PBXFileReference; lastKnownFileType = sourcecode.c.h; name = ControlVoltageComponent.h; path = ../../Source/ControlVoltageComponent.h; sourceTree = "SOURCE_ROOT"; };
		720184C25DD227D7CC21C80B = { isa = PBXFileReference; lastKnownFileType = sourcecode.cpp.cpp; name = SelectPresetComponent.cpp; path = ../../Source/SelectPresetComponent.cpp; sourceTree = "SOURCE_ROOT"; };
		3ECB147A06BD2C38513C3215 = { isa = PBXFileReference; lastKnownFileType = sourcecode.c.h; name = SelectPresetComponent.h; path = ../../Source/SelectPresetComponent.h; sourceTree = "SOURCE_ROOT"; };
		F22C39DEFBC002FC32A53104 = { isa = PBXFileReference; lastKnownFileType = sourcecode.cpp.cpp; name = PresetFactory.cpp; path = ../../Source/PresetFactory.cpp; sourceTree = "SOURCE_ROOT"; };
		FF8786E449BDA2B0D7620A5E = { isa = PBXFileReference; lastKnownFileType = sourcecode.c.h; name = PresetFactory.h; path = ../../Source/PresetFactory.h; sourceTree = "SOURCE_ROOT"; };
		592BF688E76C3E6A83C7F9AC = { isa = PBXFileReference; lastKnownFileType = sourcecode.cpp.cpp; name = MidiNoteComponent.cpp; path = ../../Source/MidiNoteComponent.cpp; sourceTree = "SOURCE_ROOT"; };
		8471DB4580CD77C9A25C9E33 = { isa = PBXFileReference; lastKnownFileType = sourcecode.c.h; name = MidiNoteComponent.h; path = ../../Source/MidiNoteComponent.h; sourceTree = "SOURCE_ROOT"; };
		B54960DD02F5C9C1600A6969 = { isa = PBXFileReference; lastKnownFileType = sourcecode.cpp.cpp; name = MidiPitchBendComponent.cpp; path = ../../Source/MidiPitchBendComponent.cpp; sourceTree = "SOURCE_ROOT"; };
		A63B4A1751B774926AFC7D43 = { isa = PBXFileReference; lastKnownFileType = sourcecode.c.h; name = MidiPitchBendComponent.h; path = ../../Source/MidiPitchBendComponent.h; sourceTree = "SOURCE_ROOT"; };
		FA0711B412B15DC5FE29EE5F = { isa = PBXFileReference; lastKnownFileType = sourcecode.cpp.cpp; name = ActionComponent.cpp; path = ../../Source/ActionComponent.cpp; sourceTree = "SOURCE_ROOT"; };
		2AF8826A683988DD79A3AF01 = { isa = PBXFileReference; lastKnownFileType = sourcecode.c.h; name = ActionComponent.h; path = ../../Source/ActionComponent.h; sourceTree = "SOURCE_ROOT"; };
		FCC032539A2BAAEEF1BAE355 = { isa = PBXFileReference; lastKnownFileType = sourcecode.cpp.cpp; name = MidiControllerComponent.cpp; path = ../../Source/MidiControllerComponent.cpp; sourceTree = "SOURCE_ROOT"; };
		29EFBBFC6EE8782CEAEA838A = { isa = PBXFileReference; lastKnownFileType = sourcecode.c.h; name = MidiControllerComponent.h; path = ../../Source/MidiControllerComponent.h; sourceTree = "SOURCE_ROOT"; };
		395C9A239A2F397A3AFDDD47 = { isa = PBXFileReference; lastKnownFileType = sourcecode.cpp.cpp; name = ZoneComponent.cpp; path = ../../Source/ZoneComponent.cpp; sourceTree = "SOURCE_ROOT"; };
		B4A803F09ED99AE92647FC52 = { isa = PBXFileReference; lastKnownFileType = sourcecode.c.h; name = ZoneComponent.h; path = ../../Source/ZoneComponent.h; sourceTree = "SOURCE_ROOT"; };
		570D91D5D749A6C827895A84 = { isa = PBXFileReference; lastKnownFileType = sourcecode.cpp.cpp; name = MidiMessageReceiver.cpp; path = ../../Source/MidiMessageReceiver.cpp; sourceTree = "SOURCE_ROOT"; };
		90CA4E3B66FCAED6E9B761AE = { isa = PBXFileReference; lastKnownFileType = sourcecode.cpp.cpp; name = ZoneAreaAnimator.cpp; path = ../../Source/ZoneAreaAnimator.cpp; sourceTree = "SOURCE_ROOT"; };
		75DDB03BB35794289B128718 = { isa = PBXFileReference; lastKnownFileType = sourcecode.c.h; name = ZoneAreaAnimator.h; path = ../../Source/ZoneAreaAnimator.h; sourceTree = "SOURCE_ROOT"; };
		6C8A68D5EF029999EA6109A4 = { isa = PBXFileReference; lastKnownFileType = sourcecode.cpp.cpp; name = AsioSerial.cpp; path = ../../Source/AsioSerial.cpp; sourceTree = "SOURCE_ROOT"; };
		95CB6C4BBD95128790768B0D = { isa = PBXFileReference; lastKnownFileType = sourcecode.c.h; name = AsioSerial.h; path = ../../Source/AsioSerial.h; sourceTree = "SOURCE_ROOT"; };
		B00B43664A84156175CC3773 = { isa = PBXFileReference; lastKnownFileType = sourcecode.cpp.cpp; name = Serial.cpp; path = ../../Source/Serial.cpp; sourceTree = "SOURCE_ROOT"; };
		199ED66AC91FB267E8FF5CE7 = { isa = PBXFileReference; lastKnownFileType = sourcecode.cpp.cpp; name = MidiMessageReader.cpp; path = ../../../BlipBox/firmware/MidiMessageReader.cpp; sourceTree = "SOURCE_ROOT"; };
		0465436D480E1B1F8EC547D9 = { isa = PBXFileReference; lastKnownFileType = sourcecode.c.h; name = MidiMessageReader.h; path = ../../../BlipBox/firmware/MidiMessageReader.h; sourceTree = "SOURCE_ROOT"; };
		B47AFE3755DCECDC3A8C9105 = { isa = PBXFileReference; lastKnownFileType = sourcecode.cpp.cpp; name = operators.cpp; path = ../../../BlipBox/firmware/operators.cpp; sourceTree = "SOURCE_ROOT"; };
		15ED533A6F2EA4B29432EE4F = { isa = PBXFileReference; lastKnownFileType = sourcecode.c.h; name = macros.h; path = ../../../BlipBox/firmware/macros.h; sourceTree = "SOURCE_ROOT"; };
		4D9B2E6AFA51D48558F423C0 = { isa = PBXFileReference; lastKnownFileType = sourcecode.c.h; name = ControlVoltageAction.h; path = ../../../BlipBox/firmware/ControlVoltageAction.h; sourceTree = "SOURCE_ROOT"; };
		3A665DAFDF09F3E8D37B9025 = { isa = PBXFileReference; lastKnownFileType = sourcecode.cpp.cpp; name = MidiPresetReader.cpp; path = ../../../BlipBox/firmware/MidiPresetReader.cpp; sourceTree = "SOURCE_ROOT"; };
		B5AF57411346219468F6B71F = { isa = PBXFileReference; lastKnownFileType = sourcecode.c.h; name = Action.h; path = ../../../BlipBox/firmware/Action.h; sourceTree = "SOURCE_ROOT"; };
		A698315080C79C4605643744 = { isa = PBXFileReference; lastKnownFileType = sourcecode.c.h; name = spi.h; path = ../../../BlipBox/firmware/spi.h; sourceTree = "SOURCE_ROOT"; };
		6B4DA37723DF8899C29972FC = { isa = PBXFileReference; lastKnownFileType = sourcecode.cpp.cpp; name = "spi_bitbang.cpp"; path = "../../../BlipBox/firmware/spi_bitbang.cpp"; sourceTree = "SOURCE_ROOT"; };
		DAAE659AC53757297006E2FB = { isa = PBXFileReference; lastKnownFileType = sourcecode.cpp.cpp; name = ControlVoltageAction.cpp; path = ../../../BlipBox/firmware/ControlVoltageAction.cpp; sourceTree = "SOURCE_ROOT"; };
		C5E6B56CA59565A658D32A52 = { isa = PBXFileReference; lastKnownFileType = sourcecode.cpp.cpp; name = Action.cpp; path = ../../../BlipBox/firmware/Action.cpp; sourceTree = "SOURCE_ROOT"; };
		F204E01626994DA0F1277803 = { isa = PBXFileReference; lastKnownFileType = sourcecode.cpp.cpp; name = Event.cpp; path = ../../../BlipBox/firmware/Event.cpp; sourceTree = "SOURCE_ROOT"; };
		444557638849E89A0F9B3F66 = { isa = PBXFileReference; lastKnownFileType = sourcecode.c.h; name = Event.h; path = ../../../BlipBox/firmware/Event.h; sourceTree = "SOURCE_ROOT"; };
		8A7F6F134D85E6FD645FCB57 = { isa = PBXFileReference; lastKnownFileType = sourcecode.cpp.cpp; name = Preset.cpp; path = ../../../BlipBox/firmware/Preset.cpp; sourceTree = "SOURCE_ROOT"; };
		7E1EF526CE6CCA82FFB9D790 = { isa = PBXFileReference; lastKnownFileType = sourcecode.c.h; name = Preset.h; path = ../../../BlipBox/firmware/Preset.h; sourceTree = "SOURCE_ROOT"; };
		3633C52A42C10B3C68C6F725 = { isa = PBXFileReference; lastKnownFileType = sourcecode.cpp.cpp; name = Zone.cpp; path = ../../../BlipBox/firmware/Zone.cpp; sourceTree = "SOURCE_ROOT"; };
		AE5C6BC55AB1473BBF47AF65 = { isa = PBXFileReference; lastKnownFileType = sourcecode.c.h; name = Zone.h; path = ../../../BlipBox/firmware/Zone.h; sourceTree = "SOURCE_ROOT"; };
		7C62614B21925E8E8A424123 = { isa = PBXFileReference; lastKnownFileType = file.c; name = eeprom.c; path = ../../../BlipBox/firmware/simulator/avr/eeprom.c; sourceTree = "SOURCE_ROOT"; };
		07A7CF286FAEC0E97C728C6F = { isa = PBXFileReference; lastKnownFileType = sourcecode.c.h; name = eeprom.h; path = ../../../BlipBox/firmware/simulator/avr/eeprom.h; sourceTree = "SOURCE_ROOT"; };
		0B0A69855A7F8C062E7C3A7B = { isa = PBXFileReference; lastKnownFileType = file.c; name = interrupt.c; path = ../../../BlipBox/firmware/simulator/avr/interrupt.c; sourceTree = "SOURCE_ROOT"; };
		B669E8768BCF147C0C79D711 = { isa = PBXFileReference; lastKnownFileType = sourcecode.c.h; name = interrupt.h; path = ../../../BlipBox/firmware/simulator/avr/interrupt.h; sourceTree = "SOURCE_ROOT"; };
		4BC5DC2F1E516B123A432500 = { isa = PBXFileReference; lastKnownFileType = file.c; name = io.c; path = ../../../BlipBox/firmware/simulator/avr/io.c; sourceTree = "SOURCE_ROOT"; };
		B493093CDC7CFB1CF7D58783 = { isa = PBXFileReference; lastKnownFileType = sourcecode.c.h; name = io.h; path = ../../../BlipBox/firmware/simulator/avr/io.h; sourceTree = "SOURCE_ROOT"; };
		B37801490B33221F20D7FABE = { isa = PBXFileReference; lastKnownFileType = file.c; name = pgmspace.c; path = ../../../BlipBox/firmware/simulator/avr/pgmspace.c; sourceTree = "SOURCE_ROOT"; };
		5E69807E80D60E31B5E620D6 = { isa = PBXFileReference; lastKnownFileType = sourcecode.c.h; name = pgmspace.h; path = ../../../BlipBox/firmware/simulator/avr/pgmspace.h; sourceTree = "SOURCE_ROOT"; };
		F590A62C5F53226EAD488C05 = { isa = PBXFileReference; lastKnownFileType = sourcecode.cpp.cpp; name = FiveWireTouchController.cpp; path = ../../../BlipBox/firmware/simulator/FiveWireTouchController.cpp; sourceTree = "SOURCE_ROOT"; };
		ABD717D6A2B99B3E3FFC0E14 = { isa = PBXFileReference; lastKnownFileType = sourcecode.cpp.cpp; name = Animator.cpp; path = ../../../BlipBox/firmware/Animator.cpp; sourceTree = "SOURCE_ROOT"; };
		3DB436F423624861AD227518 = { isa = PBXFileReference; lastKnownFileType = sourcecode.c.h; name = Animator.h; path = ../../../BlipBox/firmware/Animator.h; sourceTree = "SOURCE_ROOT"; };
		EBD926A0B121AA0A48AC2756 = { isa = PBXFileReference; lastKnownFileType = sourcecode.cpp.cpp; name = BlipBox.cpp; path = ../../../BlipBox/firmware/BlipBox.cpp; sourceTree = "SOURCE_ROOT"; };
		EAC0B8A58426F7B20E80B597 = { isa = PBXFileReference; lastKnownFileType = sourcecode.c.h; name = BlipBox.h; path = ../../../BlipBox/firmware/BlipBox.h; sourceTree = "SOURCE_ROOT"; };
		4156FDFA57CB9E875DEE5C7A = { isa = PBXFileReference; lastKnownFileType = sourcecode.cpp.cpp; name = Characters.cpp; path = ../../../BlipBox/firmware/Characters.cpp; sourceTree = "SOURCE_ROOT"; };
		15E12980527D742693934162 = { isa = PBXFileReference; lastKnownFileType = sourcecode.c.h; name = Characters.h; path = ../../../BlipBox/firmware/Characters.h; sourceTree = "SOURCE_ROOT"; };
		54D75DEDAF91397CA250ACBC = { isa = PBXFileReference; lastKnownFileType = sourcecode.c.h; name = Command.h; path = ../../../BlipBox/firmware/Command.h; sourceTree = "SOURCE_ROOT"; };
		C4DF7781AF2F36C8359C56D0 = { isa = PBXFileReference; lastKnownFileType = sourcecode.cpp.cpp; name = Configuration.cpp; path = ../../../BlipBox/firmware/Configuration.cpp; sourceTree = "SOURCE_ROOT"; };
		2CD77B0298962985677D3C2A = { isa = PBXFileReference; lastKnownFileType = sourcecode.c.h; name = Configuration.h; path = ../../../BlipBox/firmware/Configuration.h; sourceTree = "SOURCE_ROOT"; };
		41940D969B047E9558658C4B = { isa = PBXFileReference; lastKnownFileType = sourcecode.c.h; name = Counter.h; path = ../../../BlipBox/firmware/Counter.h; sourceTree = "SOURCE_ROOT"; };
		1F21BAA74106CBB37B69B6F1 = { isa = PBXFileReference; lastKnownFileType = sourcecode.c.h; name = defs.h; path = ../../../BlipBox/firmware/defs.h; sourceTree = "SOURCE_ROOT"; };
		493696949CE5A8D3F72F5C4C = { isa = PBXFileReference; lastKnownFileType = sourcecode.c.h; name = device.h; path = ../../../BlipBox/firmware/device.h; sourceTree = "SOURCE_ROOT"; };
		E8924FEB0E7CF99209B99B19 = { isa = PBXFileReference; lastKnownFileType = sourcecode.cpp.cpp; name = DirectCounter.cpp; path = ../../../BlipBox/firmware/DirectCounter.cpp; sourceTree = "SOURCE_ROOT"; };
		2D04D2765BBE8746944D3D6E = { isa = PBXFileReference; lastKnownFileType = sourcecode.cpp.cpp; name = DisplayManager.cpp; path = ../../../BlipBox/firmware/DisplayManager.cpp; sourceTree = "SOURCE_ROOT"; };
		84E0DC4397498ACF8402EC98 = { isa = PBXFileReference; lastKnownFileType = sourcecode.c.h; name = DisplayManager.h; path = ../../../BlipBox/firmware/DisplayManager.h; sourceTree = "SOURCE_ROOT"; };
		2869E883B48DF24E6C409AFF = { isa = PBXFileReference; lastKnownFileType = sourcecode.cpp.cpp; name = EventHandler.cpp; path = ../../../BlipBox/firmware/EventHandler.cpp; sourceTree = "SOURCE_ROOT"; };
		EB17B8222E7D7C313747BD4D = { isa = PBXFileReference; lastKnownFileType = sourcecode.c.h; name = EventHandler.h; path = ../../../BlipBox/firmware/EventHandler.h; sourceTree = "SOURCE_ROOT"; };
		C4621B9BF5FB0E6B7CC40359 = { isa = PBXFileReference; lastKnownFileType = sourcecode.cpp.cpp; name = globals.cpp; path = ../../../BlipBox/firmware/globals.cpp; sourceTree = "SOURCE_ROOT"; };
		4B69C716A41DD1A366F2B5C9 = { isa = PBXFileReference; lastKnownFileType = sourcecode.c.h; name = globals.h; path = ../../../BlipBox/firmware/globals.h; sourceTree = "SOURCE_ROOT"; };
		DEE1C66336F5D9D46770F1D0 = { isa = PBXFileReference; lastKnownFileType = sourcecode.cpp.cpp; name = KeyController.cpp; path = ../../../BlipBox/firmware/KeyController.cpp; sourceTree = "SOURCE_ROOT"; };
		63574AF2E0EC0E1F149F8D4A = { isa = PBXFileReference; lastKnownFileType = sourcecode.c.h; name = KeyController.h; path = ../../../BlipBox/firmware/KeyController.h; sourceTree = "SOURCE_ROOT"; };
		9AD0E6CB40B7C5A8D8ABB133 = { isa = PBXFileReference; lastKnownFileType = sourcecode.c.h; name = LedController.h; path = ../../../BlipBox/firmware/LedController.h; sourceTree = "SOURCE_ROOT"; };
		E62FF6BB54816FAB4F0919B0 = { isa = PBXFileReference; lastKnownFileType = sourcecode.c.h; name = MidiPresetReader.h; path = ../../../BlipBox/firmware/MidiPresetReader.h; sourceTree = "SOURCE_ROOT"; };
		ADBAB30F91E19C5690C81492 = { isa = PBXFileReference; lastKnownFileType = sourcecode.cpp.cpp; name = Parameters.cpp; path = ../../../BlipBox/firmware/Parameters.cpp; sourceTree = "SOURCE_ROOT"; };
		92E65A2A27180E42E67B08CD = { isa = PBXFileReference; lastKnownFileType = sourcecode.c.h; name = Parameters.h; path = ../../../BlipBox/firmware/Parameters.h; sourceTree = "SOURCE_ROOT"; };
		CF4AAE045B54AD178F8A3A34 = { isa = PBXFileReference; lastKnownFileType = sourcecode.c.h; name = Position.h; path = ../../../BlipBox/firmware/Position.h; sourceTree = "SOURCE_ROOT"; };
		0F27AC4DE1C689E886E341E0 = { isa = PBXFileReference; lastKnownFileType = sourcecode.cpp.cpp; name = PresetChooser.cpp; path = ../../../BlipBox/firmware/PresetChooser.cpp; sourceTree = "SOURCE_ROOT"; };
		69CDED260452C302BCAE8CB5 = { isa = PBXFileReference; lastKnownFileType = sourcecode.c.h; name = PresetChooser.h; path = ../../../BlipBox/firmware/PresetChooser.h; sourceTree = "SOURCE_ROOT"; };
		B3FACBB46867008A02A1D252 = { isa = PBXFileReference; lastKnownFileType = sourcecode.c.h; name = Protocol.h; path = ../../../BlipBox/firmware/Protocol.h; sourceTree = "SOURCE_ROOT"; };
		C602CB39EBD122BF8EBF2C3B = { isa = PBXFileReference; lastKnownFileType = sourcecode.c.h; name = serial.h; path = ../../../BlipBox/firmware/serial.h; sourceTree = "SOURCE_ROOT"; };
		396E821AA125556416BD4CD1 = { isa = PBXFileReference; lastKnownFileType = sourcecode.cpp.cpp; name = SerialProtocol.cpp; path = ../../../BlipBox/firmware/SerialProtocol.cpp; sourceTree = "SOURCE_ROOT"; };
		E832D5201F79B4C196A8AEB2 = { isa = PBXFileReference; lastKnownFileType = sourcecode.cpp.cpp; name = SerialProtocolReader.cpp; path = ../../../BlipBox/firmware/SerialProtocolReader.cpp; sourceTree = "SOURCE_ROOT"; };
		72F5EF9AA4A5E05057943AE0 = { isa = PBXFileReference; lastKnownFileType = sourcecode.c.h; name = SerialProtocolReader.h; path = ../../../BlipBox/firmware/SerialProtocolReader.h; sourceTree = "SOURCE_ROOT"; };
		6824D38ADF25185AF0A6C756 = { isa = PBXFileReference; lastKnownFileType = sourcecode.c.h; name = TouchController.h; path = ../../../BlipBox/firmware/TouchController.h; sourceTree = "SOURCE_ROOT"; };
		E15D74B4DFFF343958E0C9BC = { isa = PBXFileReference; lastKnownFileType = sourcecode.cpp.cpp; name = ApplicationConfiguration.cpp; path = ../../Source/ApplicationConfiguration.cpp; sourceTree = "SOURCE_ROOT"; };
		C9219C1C82B8574AD7225641 = { isa = PBXFileReference; lastKnownFileType = sourcecode.c.h; name = ApplicationConfiguration.h; path = ../../Source/ApplicationConfiguration.h; sourceTree = "SOURCE_ROOT"; };
		D1C0D693490BB7CFAA44E7B2 = { isa = PBXFileReference; lastKnownFileType = sourcecode.cpp.cpp; name = ApplicationSettingsComponent.cpp; path = ../../Source/ApplicationSettingsComponent.cpp; sourceTree = "SOURCE_ROOT"; };
		D9233186CAB0B4CB82B1A41E = { isa = PBXFileReference; lastKnownFileType = sourcecode.c.h; name = ApplicationSettingsComponent.h; path = ../../Source/ApplicationSettingsComponent.h; sourceTree = "SOURCE_ROOT"; };
		F682139A328C8A529BC1C572 = { isa = PBXFileReference; lastKnownFileType = sourcecode.cpp.cpp; name = BlipClient.cpp; path = ../../Source/BlipClient.cpp; sourceTree = "SOURCE_ROOT"; };
		20529268326B381FB07E65F3 = { isa = PBXFileReference; lastKnownFileType = sourcecode.c.h; name = BlipClient.h; path = ../../Source/BlipClient.h; sourceTree = "SOURCE_ROOT"; };
		94CD8F31265CC481E0974A9C = { isa = PBXFileReference; lastKnownFileType = sourcecode.cpp.cpp; name = BlipSim.cpp; path = ../../Source/BlipSim.cpp; sourceTree = "SOURCE_ROOT"; };
		481D7CDA7153C4D39D27F478 = { isa = PBXFileReference; lastKnownFileType = sourcecode.c.h; name = BlipSim.h; path = ../../Source/BlipSim.h; sourceTree = "SOURCE_ROOT"; };
		6D8F94C43D51A020517D1C09 = { isa = PBXFileReference; lastKnownFileType = sourcecode.cpp.cpp; name = BlipSimComponent.cpp; path = ../../Source/BlipSimComponent.cpp; sourceTree = "SOURCE_ROOT"; };
		CB2C9645BE1FF36027BFB7A3 = { isa = PBXFileReference; lastKnownFileType = sourcecode.c.h; name = BlipSimComponent.h; path = ../../Source/BlipSimComponent.h; sourceTree = "SOURCE_ROOT"; };
		7A7879AD33A2812E4E09DA07 = { isa = PBXFileReference; lastKnownFileType = sourcecode.c.h; name = EventHandler.h; path = ../../Source/EventHandler.h; sourceTree = "SOURCE_ROOT"; };
		69E3CE875903BE2F4EA94527 = { isa = PBXFileReference; lastKnownFileType = sourcecode.cpp.cpp; name = MainWindow.cpp; path = ../../Source/MainWindow.cpp; sourceTree = "SOURCE_ROOT"; };
		201E2BC57EDDA2796285F7F6 = { isa = PBXFileReference; lastKnownFileType = sourcecode.c.h; name = MainWindow.h; path = ../../Source/MainWindow.h; sourceTree = "SOURCE_ROOT"; };
		0BC5FFEF408E7788EDAE3A3C = { isa = PBXFileReference; lastKnownFileType = sourcecode.cpp.cpp; name = Main.cpp; path = ../../Source/Main.cpp; sourceTree = "SOURCE_ROOT"; };
		48F11021FB2768DC73B40F6F = { isa = PBXFileReference; lastKnownFileType = sourcecode.c.h; name = MidiMessageSender.h; path = ../../Source/MidiMessageSender.h; sourceTree = "SOURCE_ROOT"; };
		1DAA57DD250A2ABB9B2091AC = { isa = PBXFileReference; lastKnownFileType = sourcecode.c.h; name = OverflowTimer.h; path = ../../Source/OverflowTimer.h; sourceTree = "SOURCE_ROOT"; };
		BAE37E17112F357A454A9DDB = { isa = PBXFileReference; lastKnownFileType = sourcecode.cpp.cpp; name = PresetComponent.cpp; path = ../../Source/PresetComponent.cpp; sourceTree = "SOURCE_ROOT"; };
		6D8F7B61C0950C60A3F650AC = { isa = PBXFileReference; lastKnownFileType = sourcecode.c.h; name = PresetComponent.h; path = ../../Source/PresetComponent.h; sourceTree = "SOURCE_ROOT"; };
		AA055F83A370B3CF7D5EFF56 = { isa = PBXFileReference; lastKnownFileType = sourcecode.c.h; name = Serial.h; path = ../../Source/Serial.h; sourceTree = "SOURCE_ROOT"; };
		846B1A20A060845FDE601C37 = { isa = PBXFileReference; lastKnownFileType = sourcecode.cpp.cpp; name = SimScreen.cpp; path = ../../Source/SimScreen.cpp; sourceTree = "SOURCE_ROOT"; };
		EEBAEC32E346CCA210EA1A75 = { isa = PBXFileReference; lastKnownFileType = sourcecode.c.h; name = SimScreen.h; path = ../../Source/SimScreen.h; sourceTree = "SOURCE_ROOT"; };
		E298CBF215030626A1ACC5DC = { isa = PBXFileReference; lastKnownFileType = sourcecode.cpp.cpp; name = SimWindow.cpp; path = ../../Source/SimWindow.cpp; sourceTree = "SOURCE_ROOT"; };
		D500914F8650AB7A547D83B1 = { isa = PBXFileReference; lastKnownFileType = sourcecode.c.h; name = SimWindow.h; path = ../../Source/SimWindow.h; sourceTree = "SOURCE_ROOT"; };
		AF954846A74FE95C77980B83 = { isa = PBXFileReference; lastKnownFileType = sourcecode.c.h; name = AppConfig.h; path = ../../JuceLibraryCode/AppConfig.h; sourceTree = "SOURCE_ROOT"; };
		B75DE44B1A36EA8FC1770949 = { isa = PBXFileReference; lastKnownFileType = sourcecode.cpp.cpp; name = BinaryData.cpp; path = ../../JuceLibraryCode/BinaryData.cpp; sourceTree = "SOURCE_ROOT"; };
		8DDC51D24D1B227438766E43 = { isa = PBXFileReference; lastKnownFileType = sourcecode.c.h; name = BinaryData.h; path = ../../JuceLibraryCode/BinaryData.h; sourceTree = "SOURCE_ROOT"; };
		67111FF3B90A0DBCEBA57FE2 = { isa = PBXFileReference; lastKnownFileType = sourcecode.c.h; name = JuceHeader.h; path = ../../JuceLibraryCode/JuceHeader.h; sourceTree = "SOURCE_ROOT"; };
		F5124573ABD695FB00185620 = { isa = PBXFileReference; lastKnownFileType = sourcecode.cpp.objcpp; name = JuceLibraryCode.mm; path = ../../JuceLibraryCode/JuceLibraryCode.mm; sourceTree = "SOURCE_ROOT"; };
		C190910D4439DCF92F5BD71F = { isa = PBXGroup; children = (
				BDC58CE625E3F0DD2BFCC15A,
				6A2624DBD12C79CBAB1FF5B6 ); name = Resources; sourceTree = "<group>"; };
		2666C602FDBA01A8DAB002C5 = { isa = PBXGroup; children = (
				7C62614B21925E8E8A424123,
				07A7CF286FAEC0E97C728C6F,
				0B0A69855A7F8C062E7C3A7B,
				B669E8768BCF147C0C79D711,
				4BC5DC2F1E516B123A432500,
				B493093CDC7CFB1CF7D58783,
				B37801490B33221F20D7FABE,
				5E69807E80D60E31B5E620D6 ); name = avr; sourceTree = "<group>"; };
		DD0F6DE562D5D1F56543BAE2 = { isa = PBXGroup; children = (
				2666C602FDBA01A8DAB002C5,
				F590A62C5F53226EAD488C05 ); name = simulator; sourceTree = "<group>"; };
		08BD380D6E3632F29E55E4E5 = { isa = PBXGroup; children = (
				199ED66AC91FB267E8FF5CE7,
				0465436D480E1B1F8EC547D9,
				B47AFE3755DCECDC3A8C9105,
				15ED533A6F2EA4B29432EE4F,
				4D9B2E6AFA51D48558F423C0,
				3A665DAFDF09F3E8D37B9025,
				B5AF57411346219468F6B71F,
				A698315080C79C4605643744,
				6B4DA37723DF8899C29972FC,
				DAAE659AC53757297006E2FB,
				C5E6B56CA59565A658D32A52,
				F204E01626994DA0F1277803,
				444557638849E89A0F9B3F66,
				8A7F6F134D85E6FD645FCB57,
				7E1EF526CE6CCA82FFB9D790,
				3633C52A42C10B3C68C6F725,
				AE5C6BC55AB1473BBF47AF65,
				DD0F6DE562D5D1F56543BAE2,
				ABD717D6A2B99B3E3FFC0E14,
				3DB436F423624861AD227518,
				EBD926A0B121AA0A48AC2756,
				EAC0B8A58426F7B20E80B597,
				4156FDFA57CB9E875DEE5C7A,
				15E12980527D742693934162,
				54D75DEDAF91397CA250ACBC,
				C4DF7781AF2F36C8359C56D0,
				2CD77B0298962985677D3C2A,
				41940D969B047E9558658C4B,
				1F21BAA74106CBB37B69B6F1,
				493696949CE5A8D3F72F5C4C,
				E8924FEB0E7CF99209B99B19,
				2D04D2765BBE8746944D3D6E,
				84E0DC4397498ACF8402EC98,
				2869E883B48DF24E6C409AFF,
				EB17B8222E7D7C313747BD4D,
				C4621B9BF5FB0E6B7CC40359,
				4B69C716A41DD1A366F2B5C9,
				DEE1C66336F5D9D46770F1D0,
				63574AF2E0EC0E1F149F8D4A,
				9AD0E6CB40B7C5A8D8ABB133,
				E62FF6BB54816FAB4F0919B0,
				ADBAB30F91E19C5690C81492,
				92E65A2A27180E42E67B08CD,
				CF4AAE045B54AD178F8A3A34,
				0F27AC4DE1C689E886E341E0,
				69CDED260452C302BCAE8CB5,
				B3FACBB46867008A02A1D252,
				C602CB39EBD122BF8EBF2C3B,
				396E821AA125556416BD4CD1,
				E832D5201F79B4C196A8AEB2,
				72F5EF9AA4A5E05057943AE0,
				6824D38ADF25185AF0A6C756 ); name = BlipBox; sourceTree = "<group>"; };
		37E4663821DAE593C016B4D5 = { isa = PBXGroup; children = (
				90FE5B0035225F3C4DEC84C2,
				443DD29C1CD478A286B7015A,
				05716102AD70BD125ED42BDA,
				D157564BDA2E25789E1F7A30,
				DA674D0C5E728A27056319C5,
				DAF892BC2874B5BE59A7E3B9,
				720184C25DD227D7CC21C80B,
				3ECB147A06BD2C38513C3215,
				F22C39DEFBC002FC32A53104,
				FF8786E449BDA2B0D7620A5E,
				592BF688E76C3E6A83C7F9AC,
				8471DB4580CD77C9A25C9E33,
				B54960DD02F5C9C1600A6969,
				A63B4A1751B774926AFC7D43,
				FA0711B412B15DC5FE29EE5F,
				2AF8826A683988DD79A3AF01,
				FCC032539A2BAAEEF1BAE355,
				29EFBBFC6EE8782CEAEA838A,
				395C9A239A2F397A3AFDDD47,
				B4A803F09ED99AE92647FC52,
				570D91D5D749A6C827895A84,
				90CA4E3B66FCAED6E9B761AE,
				75DDB03BB35794289B128718,
				6C8A68D5EF029999EA6109A4,
				95CB6C4BBD95128790768B0D,
				B00B43664A84156175CC3773,
				08BD380D6E3632F29E55E4E5,
				E15D74B4DFFF343958E0C9BC,
				C9219C1C82B8574AD7225641,
				D1C0D693490BB7CFAA44E7B2,
				D9233186CAB0B4CB82B1A41E,
				F682139A328C8A529BC1C572,
				20529268326B381FB07E65F3,
				94CD8F31265CC481E0974A9C,
				481D7CDA7153C4D39D27F478,
				6D8F94C43D51A020517D1C09,
				CB2C9645BE1FF36027BFB7A3,
				7A7879AD33A2812E4E09DA07,
				69E3CE875903BE2F4EA94527,
				201E2BC57EDDA2796285F7F6,
				0BC5FFEF408E7788EDAE3A3C,
				48F11021FB2768DC73B40F6F,
				1DAA57DD250A2ABB9B2091AC,
				BAE37E17112F357A454A9DDB,
				6D8F7B61C0950C60A3F650AC,
				AA055F83A370B3CF7D5EFF56,
				846B1A20A060845FDE601C37,
				EEBAEC32E346CCA210EA1A75,
				E298CBF215030626A1ACC5DC,
				D500914F8650AB7A547D83B1 ); name = Source; sourceTree = "<group>"; };
		F3419B0B0090B3979E58CB67 = { isa = PBXGroup; children = (
				C190910D4439DCF92F5BD71F,
				37E4663821DAE593C016B4D5 ); name = BlipZones; sourceTree = "<group>"; };
		0D8CFC996F400297911D71A3 = { isa = PBXGroup; children = (
				AF954846A74FE95C77980B83,
				B75DE44B1A36EA8FC1770949,
				8DDC51D24D1B227438766E43,
				67111FF3B90A0DBCEBA57FE2,
				F5124573ABD695FB00185620 ); name = "Juce Library Code"; sourceTree = "<group>"; };
		C2FA7C7DC4BD36D5512176C4 = { isa = PBXGroup; children = (
				DB0B82BCC9710D4366310C42 ); name = Resources; sourceTree = "<group>"; };
		E5A92342AA26D9CDC17F2026 = { isa = PBXGroup; children = (
				3CDBEAE055F0588BAB5B1964,
				2BDBD52034C01DC96C596BF5,
				EC95562A9E9EDC3E9B1A9061,
				9B91F8BB10F0597A05DEC3C5,
				C27C3793A6FCE5F9F69F8C6E,
				8CDA65FDA1D2A8FD2A217035,
				FD46F99396B85E6C9880FD31,
				4646F809AD6C93233832846A,
				0E9C9572A50DB8EA6E51E1C2,
				0B041D56E8CA4C914812DF01,
				B121DEF6878456309C03792E,
				5C47100C8F78F70EEC550FAB ); name = Frameworks; sourceTree = "<group>"; };
		F0BEF0DE09564404BC747582 = { isa = PBXGroup; children = (
				FA1714BA8849C34396A358C4 ); name = Products; sourceTree = "<group>"; };
		D77744385191FA5EC79D64EA = { isa = PBXGroup; children = (
				F3419B0B0090B3979E58CB67,
				0D8CFC996F400297911D71A3,
				C2FA7C7DC4BD36D5512176C4,
				E5A92342AA26D9CDC17F2026,
				F0BEF0DE09564404BC747582 ); name = Source; sourceTree = "<group>"; };
		B5C9D7E78DC8B4A2C566F313 = { isa = XCBuildConfiguration; buildSettings = {
				PREBINDING = NO;
				HEADER_SEARCH_PATHS = "../../Libraries ../../../BlipBox/firmware/simulator ../../../BlipBox/firmware ../../BlipBox/firmware/simulator ../../BlipBox/firmware $(inherited)";
				GCC_OPTIMIZATION_LEVEL = 0;
				INFOPLIST_FILE = Info.plist;
				INSTALL_PATH = "$(HOME)/Applications";
				MACOSX_DEPLOYMENT_TARGET_ppc = 10.4;
				ONLY_ACTIVE_ARCH = YES;
				COPY_PHASE_STRIP = NO;
				GCC_DYNAMIC_NO_PIC = NO;
				GCC_ENABLE_FIX_AND_CONTINUE = NO;
				GCC_PREPROCESSOR_DEFINITIONS = (
				"_DEBUG=1",
				"DEBUG=1",
				"JUCE_ObjCExtraSuffix=Q4ONJ",
				"JUCER_XCODE_MAC_F6D2F4CF=1"); }; name = Debug; };
		4F655F5AA820498CDCC271EB = { isa = XCBuildConfiguration; buildSettings = {
				PREBINDING = NO;
				HEADER_SEARCH_PATHS = "../../Libraries ../../../BlipBox/firmware/simulator ../../../BlipBox/firmware ../../BlipBox/firmware/simulator ../../BlipBox/firmware $(inherited)";
				GCC_OPTIMIZATION_LEVEL = s;
				INFOPLIST_FILE = Info.plist;
				INSTALL_PATH = "$(HOME)/Applications";
				MACOSX_DEPLOYMENT_TARGET_ppc = 10.4;
				GCC_GENERATE_DEBUGGING_SYMBOLS = NO;
				GCC_SYMBOLS_PRIVATE_EXTERN = YES;
				GCC_PREPROCESSOR_DEFINITIONS = (
				"_NDEBUG=1",
				"NDEBUG=1",
				"JUCE_ObjCExtraSuffix=Q4ONJ",
				"JUCER_XCODE_MAC_F6D2F4CF=1"); }; name = Release; };
		30071E146CBBB98BD56106A7 = { isa = XCBuildConfiguration; buildSettings = {
				ALWAYS_SEARCH_USER_PATHS = NO;
				GCC_C_LANGUAGE_STANDARD = c99;
				GCC_WARN_ABOUT_RETURN_TYPE = YES;
				GCC_WARN_CHECK_SWITCH_STATEMENTS = YES;
				GCC_WARN_UNUSED_VARIABLE = YES;
				GCC_WARN_MISSING_PARENTHESES = YES;
				GCC_WARN_NON_VIRTUAL_DESTRUCTOR = YES;
				GCC_WARN_TYPECHECK_CALLS_TO_PRINTF = YES;
				WARNING_CFLAGS = -Wreorder;
				GCC_MODEL_TUNING = G5;
				GCC_INLINES_ARE_PRIVATE_EXTERN = YES;
				ZERO_LINK = NO;
				DEBUG_INFORMATION_FORMAT = "dwarf";
				PRODUCT_NAME = "BlipZones"; }; name = Debug; };
		239ED1804572CB01093F18BB = { isa = XCBuildConfiguration; buildSettings = {
				ALWAYS_SEARCH_USER_PATHS = NO;
				GCC_C_LANGUAGE_STANDARD = c99;
				GCC_WARN_ABOUT_RETURN_TYPE = YES;
				GCC_WARN_CHECK_SWITCH_STATEMENTS = YES;
				GCC_WARN_UNUSED_VARIABLE = YES;
				GCC_WARN_MISSING_PARENTHESES = YES;
				GCC_WARN_NON_VIRTUAL_DESTRUCTOR = YES;
				GCC_WARN_TYPECHECK_CALLS_TO_PRINTF = YES;
				WARNING_CFLAGS = -Wreorder;
				GCC_MODEL_TUNING = G5;
				GCC_INLINES_ARE_PRIVATE_EXTERN = YES;
				ZERO_LINK = NO;
				DEBUG_INFORMATION_FORMAT = "dwarf";
				PRODUCT_NAME = "BlipZones"; }; name = Release; };
		EC907A3AD886EE7756C0E385 = { isa = XCConfigurationList; buildConfigurations = (
				30071E146CBBB98BD56106A7,
				239ED1804572CB01093F18BB ); defaultConfigurationIsVisible = 0; defaultConfigurationName = Debug; };
		83C29675B8F998CFF6C00878 = { isa = XCConfigurationList; buildConfigurations = (
				B5C9D7E78DC8B4A2C566F313,
				4F655F5AA820498CDCC271EB ); defaultConfigurationIsVisible = 0; defaultConfigurationName = Debug; };
		6F01A86D2131CB7054117D3D = { isa = PBXResourcesBuildPhase; buildActionMask = 2147483647; files = (  ); runOnlyForDeploymentPostprocessing = 0; };
		3B9894DCF12DC5DDBD13B1EA = { isa = PBXSourcesBuildPhase; buildActionMask = 2147483647; files = (
				77C7207C3B711A995ECDBC74,
				81732AAA85794F71AFCB170C,
				0E81320090CBA44873DFB86C,
				9454F2A0089170EA0DAFEF5B,
				28DC16EF518E8C490EDE65FE,
				159D3E5BC01B0EEE15A9E328,
				E9BDFA803311EF0619137DCF,
				4EA85D35DDD6F26B0C161CF6,
				7EF11CCDAB43D78D5D80EADD,
				F50CF0CC56F6BA6CAE19C653,
				E23BC9EB4036B3FAB396BE4D,
				26910F110DC34DD16624C55A,
				E8849F36894696AFEDAC7FBE,
				DB30F69E948BB93E0FB3251E,
				C43200160215609507ABB83C,
				24FE4AD01B64790BD83A75F2,
				A2D436E8BD4F478C63592D77,
				72CA0CED3B65FD043ED92EFD,
				0CA9A9E393B96DABAE67B4BF,
				FF012B98D1B33BF463191B71,
				DFC8EF40765ADEC2AAD955E0,
				14C04D76F74226E05BB685B0,
				E95FB55D0AF7241393A33C5B,
				D04EDF3303086EDE7D74654D,
				7959587CF0CDD8D15D1DE427,
				C7F98798B2AFD87CC8AFD1A4,
				C16EC23CA8ED5104CE32092C,
				EA4B358DDCB3C3454B6F0B6D,
				D14F15B6703295C8F64F5620,
				DB9C36704CEE2A4091EB15D3,
				5A9B745A4CF6E9B99F625169,
				F9A36BB90BBC016089CF3E44,
				D398705C2B10E1DB45A78F08,
				F13B742D7FB7747E8EBD9604,
				2B0C7A9D7361F4FF20FB7D8B,
				0FEA6C8CBFB798A19A8C43BF,
				40A0DEE6CCB568B97B4B6942,
				A9E34DDD2DBBFF79C037B998,
				53787FCBE80B7440E9D63F28,
				496271737F61DECBB9980E10,
				5E0EE15CCCF677DF49C32E5F,
				C9517C3150BA2A09F2A914D5,
				E85C7E29F7A7DB8E82AEB523,
				FA51028A113C207E4E677340,
				80B1703C91850918C834C032,
				5D821375EC14928BE91382F0,
				3F815EA2C165CCF5B2E833D5,
				EAEFD2BA9DDACF751C545ED7,
				F6EE8D1F038E0BBB0C44851B,
				5551CE3056CBBF63574887C8,
				71F5C2BBD95AA04C4203E94D,
				41F00686466A35B446F21DD4,
				4F95C2A72AD5660572349E8B ); runOnlyForDeploymentPostprocessing = 0; };
		EFBDC416DA1800E547F5A0EB = { isa = PBXFrameworksBuildPhase; buildActionMask = 2147483647; files = (
				F71C5835AA69DD3ACB4BEBD6,
				9F3988E5875DC905119D69B9,
				5305BD92F3F36EE5F903C84B,
				39D9936319B814801DBA9C64,
				AE86D65581912C65DFB1C2AB,
				036824D38ADF25185AF0A6C7,
				EA56E96EC2815026A27EF591,
				82B1149437A9B20669D825CA,
				7A0FA79588881FE82E90A5CF,
				B2187236A44707AC00748B74,
				069EFA169E7D570081DFF109,
				CD6C0998B8F2D44EB4A62E1F ); runOnlyForDeploymentPostprocessing = 0; };
		B3C91E297F9C2403778F1CA8 = { isa = PBXNativeTarget; buildConfigurationList = 83C29675B8F998CFF6C00878; buildPhases = (
				6F01A86D2131CB7054117D3D,
				3B9894DCF12DC5DDBD13B1EA,
				EFBDC416DA1800E547F5A0EB ); buildRules = ( ); dependencies = ( ); name = BlipZones; productName = BlipZones; productReference = FA1714BA8849C34396A358C4; productInstallPath = "$(HOME)/Applications"; productType = "com.apple.product-type.application"; };
		BE73B0726FB242F4E37541F0 = { isa = PBXProject; buildConfigurationList = EC907A3AD886EE7756C0E385; compatibilityVersion = "Xcode 3.1"; hasScannedForEncodings = 0; mainGroup = D77744385191FA5EC79D64EA; projectDirPath = ""; projectRoot = ""; targets = ( B3C91E297F9C2403778F1CA8 ); };
	};
	rootObject = BE73B0726FB242F4E37541F0;
}
