// !$*UTF8*$!
{
	archiveVersion = 1;
	classes = {
	};
	objectVersion = 45;
	objects = {

/* Begin PBXBuildFile section */
		036824D38ADF25185AF0A6C7 /* DiscRecording.framework in Frameworks */ = {isa = PBXBuildFile; fileRef = 8CDA65FDA1D2A8FD2A217035 /* DiscRecording.framework */; };
		069EFA169E7D570081DFF109 /* QuickTime.framework in Frameworks */ = {isa = PBXBuildFile; fileRef = B121DEF6878456309C03792E /* QuickTime.framework */; };
		0FEA6C8CBFB798A19A8C43BF /* globals.cpp in Sources */ = {isa = PBXBuildFile; fileRef = C4621B9BF5FB0E6B7CC40359 /* globals.cpp */; };
		2B0C7A9D7361F4FF20FB7D8B /* EventHandler.cpp in Sources */ = {isa = PBXBuildFile; fileRef = 2869E883B48DF24E6C409AFF /* EventHandler.cpp */; };
		39D9936319B814801DBA9C64 /* CoreAudio.framework in Frameworks */ = {isa = PBXBuildFile; fileRef = 9B91F8BB10F0597A05DEC3C5 /* CoreAudio.framework */; };
		3F815EA2C165CCF5B2E833D5 /* MainWindow.cpp in Sources */ = {isa = PBXBuildFile; fileRef = 69E3CE875903BE2F4EA94527 /* MainWindow.cpp */; };
		40A0DEE6CCB568B97B4B6942 /* KeyController.cpp in Sources */ = {isa = PBXBuildFile; fileRef = DEE1C66336F5D9D46770F1D0 /* KeyController.cpp */; };
		41F00686466A35B446F21DD4 /* BinaryData.cpp in Sources */ = {isa = PBXBuildFile; fileRef = B75DE44B1A36EA8FC1770949 /* BinaryData.cpp */; };
		496271737F61DECBB9980E10 /* SerialProtocol.cpp in Sources */ = {isa = PBXBuildFile; fileRef = 396E821AA125556416BD4CD1 /* SerialProtocol.cpp */; };
		4F95C2A72AD5660572349E8B /* JuceLibraryCode.mm in Sources */ = {isa = PBXBuildFile; fileRef = F5124573ABD695FB00185620 /* JuceLibraryCode.mm */; };
		5305BD92F3F36EE5F903C84B /* Cocoa.framework in Frameworks */ = {isa = PBXBuildFile; fileRef = EC95562A9E9EDC3E9B1A9061 /* Cocoa.framework */; };
		53787FCBE80B7440E9D63F28 /* PresetChooser.cpp in Sources */ = {isa = PBXBuildFile; fileRef = 0F27AC4DE1C689E886E341E0 /* PresetChooser.cpp */; };
		5551CE3056CBBF63574887C8 /* SimScreen.cpp in Sources */ = {isa = PBXBuildFile; fileRef = 846B1A20A060845FDE601C37 /* SimScreen.cpp */; };
		5A9B745A4CF6E9B99F625169 /* Characters.cpp in Sources */ = {isa = PBXBuildFile; fileRef = 4156FDFA57CB9E875DEE5C7A /* Characters.cpp */; };
		5D821375EC14928BE91382F0 /* BlipSimComponent.cpp in Sources */ = {isa = PBXBuildFile; fileRef = 6D8F94C43D51A020517D1C09 /* BlipSimComponent.cpp */; };
		5DF37B85BF95CF52B345D8AA /* MidiZoneComponent.cpp in Sources */ = {isa = PBXBuildFile; fileRef = 5D67A1C3A27B560B7E541076 /* MidiZoneComponent.cpp */; };
		5E0EE15CCCF677DF49C32E5F /* SerialProtocolReader.cpp in Sources */ = {isa = PBXBuildFile; fileRef = E832D5201F79B4C196A8AEB2 /* SerialProtocolReader.cpp */; };
		5E40A60A20FD97F37CA399F9 /* MessageDispatcher.cpp in Sources */ = {isa = PBXBuildFile; fileRef = 5F1AD955F6EDA3D194987834 /* MessageDispatcher.cpp */; };
		71F5C2BBD95AA04C4203E94D /* SimWindow.cpp in Sources */ = {isa = PBXBuildFile; fileRef = E298CBF215030626A1ACC5DC /* SimWindow.cpp */; };
		7959587CF0CDD8D15D1DE427 /* interrupt.c in Sources */ = {isa = PBXBuildFile; fileRef = 0B0A69855A7F8C062E7C3A7B /* interrupt.c */; };
		7A0FA79588881FE82E90A5CF /* QTKit.framework in Frameworks */ = {isa = PBXBuildFile; fileRef = 0E9C9572A50DB8EA6E51E1C2 /* QTKit.framework */; };
		80B1703C91850918C834C032 /* BlipSim.cpp in Sources */ = {isa = PBXBuildFile; fileRef = 94CD8F31265CC481E0974A9C /* BlipSim.cpp */; };
		82B1149437A9B20669D825CA /* OpenGL.framework in Frameworks */ = {isa = PBXBuildFile; fileRef = 4646F809AD6C93233832846A /* OpenGL.framework */; };
		8FC2EBAB3DF200043B21B16F /* MidiZonePreset.cpp in Sources */ = {isa = PBXBuildFile; fileRef = E7B9F84ADF93070234813BFC /* MidiZonePreset.cpp */; };
		9B3B27FA91B96E104F5B8722 /* MidiZoneEventHandler.cpp in Sources */ = {isa = PBXBuildFile; fileRef = C24A7BC4A006AF568BB11723 /* MidiZoneEventHandler.cpp */; };
		9F3988E5875DC905119D69B9 /* Carbon.framework in Frameworks */ = {isa = PBXBuildFile; fileRef = 2BDBD52034C01DC96C596BF5 /* Carbon.framework */; };
		A9E34DDD2DBBFF79C037B998 /* Parameters.cpp in Sources */ = {isa = PBXBuildFile; fileRef = ADBAB30F91E19C5690C81492 /* Parameters.cpp */; };
		AE86D65581912C65DFB1C2AB /* CoreMIDI.framework in Frameworks */ = {isa = PBXBuildFile; fileRef = C27C3793A6FCE5F9F69F8C6E /* CoreMIDI.framework */; };
		B2187236A44707AC00748B74 /* QuartzCore.framework in Frameworks */ = {isa = PBXBuildFile; fileRef = 0B041D56E8CA4C914812DF01 /* QuartzCore.framework */; };
		C16EC23CA8ED5104CE32092C /* pgmspace.c in Sources */ = {isa = PBXBuildFile; fileRef = B37801490B33221F20D7FABE /* pgmspace.c */; };
		C7F98798B2AFD87CC8AFD1A4 /* io.c in Sources */ = {isa = PBXBuildFile; fileRef = 4BC5DC2F1E516B123A432500 /* io.c */; };
		C9517C3150BA2A09F2A914D5 /* ApplicationConfiguration.cpp in Sources */ = {isa = PBXBuildFile; fileRef = E15D74B4DFFF343958E0C9BC /* ApplicationConfiguration.cpp */; };
		CD6C0998B8F2D44EB4A62E1F /* WebKit.framework in Frameworks */ = {isa = PBXBuildFile; fileRef = 5C47100C8F78F70EEC550FAB /* WebKit.framework */; };
		D04EDF3303086EDE7D74654D /* eeprom.c in Sources */ = {isa = PBXBuildFile; fileRef = 7C62614B21925E8E8A424123 /* eeprom.c */; };
		D14F15B6703295C8F64F5620 /* Animator.cpp in Sources */ = {isa = PBXBuildFile; fileRef = ABD717D6A2B99B3E3FFC0E14 /* Animator.cpp */; };
		D398705C2B10E1DB45A78F08 /* DirectCounter.cpp in Sources */ = {isa = PBXBuildFile; fileRef = E8924FEB0E7CF99209B99B19 /* DirectCounter.cpp */; };
		DB30F69E948BB93E0FB3251E /* Serial.cpp in Sources */ = {isa = PBXBuildFile; fileRef = B00B43664A84156175CC3773 /* Serial.cpp */; };
		DB9C36704CEE2A4091EB15D3 /* BlipBox.cpp in Sources */ = {isa = PBXBuildFile; fileRef = EBD926A0B121AA0A48AC2756 /* BlipBox.cpp */; };
		E85C7E29F7A7DB8E82AEB523 /* ApplicationSettingsComponent.cpp in Sources */ = {isa = PBXBuildFile; fileRef = D1C0D693490BB7CFAA44E7B2 /* ApplicationSettingsComponent.cpp */; };
		E8849F36894696AFEDAC7FBE /* AsioSerial.cpp in Sources */ = {isa = PBXBuildFile; fileRef = 6C8A68D5EF029999EA6109A4 /* AsioSerial.cpp */; };
		EA4B358DDCB3C3454B6F0B6D /* FiveWireTouchController.cpp in Sources */ = {isa = PBXBuildFile; fileRef = F590A62C5F53226EAD488C05 /* FiveWireTouchController.cpp */; };
		EA56E96EC2815026A27EF591 /* IOKit.framework in Frameworks */ = {isa = PBXBuildFile; fileRef = FD46F99396B85E6C9880FD31 /* IOKit.framework */; };
		EAEFD2BA9DDACF751C545ED7 /* Main.cpp in Sources */ = {isa = PBXBuildFile; fileRef = 0BC5FFEF408E7788EDAE3A3C /* Main.cpp */; };
		F13B742D7FB7747E8EBD9604 /* DisplayManager.cpp in Sources */ = {isa = PBXBuildFile; fileRef = 2D04D2765BBE8746944D3D6E /* DisplayManager.cpp */; };
		F6EE8D1F038E0BBB0C44851B /* PresetComponent.cpp in Sources */ = {isa = PBXBuildFile; fileRef = BAE37E17112F357A454A9DDB /* PresetComponent.cpp */; };
		F71C5835AA69DD3ACB4BEBD6 /* AudioToolbox.framework in Frameworks */ = {isa = PBXBuildFile; fileRef = 3CDBEAE055F0588BAB5B1964 /* AudioToolbox.framework */; };
		F9A36BB90BBC016089CF3E44 /* Configuration.cpp in Sources */ = {isa = PBXBuildFile; fileRef = C4DF7781AF2F36C8359C56D0 /* Configuration.cpp */; };
		FA4396BB767E05FB7E59CFBF /* MidiZone.cpp in Sources */ = {isa = PBXBuildFile; fileRef = 4381844D9A9572AE868B160A /* MidiZone.cpp */; };
		FA51028A113C207E4E677340 /* BlipClient.cpp in Sources */ = {isa = PBXBuildFile; fileRef = F682139A328C8A529BC1C572 /* BlipClient.cpp */; };
/* End PBXBuildFile section */

/* Begin PBXFileReference section */
		07A7CF286FAEC0E97C728C6F /* eeprom.h */ = {isa = PBXFileReference; lastKnownFileType = sourcecode.c.h; name = eeprom.h; path = ../../../BlipBox/firmware/simulator/avr/eeprom.h; sourceTree = SOURCE_ROOT; };
		0B041D56E8CA4C914812DF01 /* QuartzCore.framework */ = {isa = PBXFileReference; lastKnownFileType = wrapper.framework; name = QuartzCore.framework; path = System/Library/Frameworks/QuartzCore.framework; sourceTree = SDKROOT; };
		0B0A69855A7F8C062E7C3A7B /* interrupt.c */ = {isa = PBXFileReference; lastKnownFileType = sourcecode.c.c; name = interrupt.c; path = ../../../BlipBox/firmware/simulator/avr/interrupt.c; sourceTree = SOURCE_ROOT; };
		0BC5FFEF408E7788EDAE3A3C /* Main.cpp */ = {isa = PBXFileReference; lastKnownFileType = sourcecode.cpp.cpp; name = Main.cpp; path = ../../Source/Main.cpp; sourceTree = SOURCE_ROOT; };
		0E9C9572A50DB8EA6E51E1C2 /* QTKit.framework */ = {isa = PBXFileReference; lastKnownFileType = wrapper.framework; name = QTKit.framework; path = System/Library/Frameworks/QTKit.framework; sourceTree = SDKROOT; };
		0F27AC4DE1C689E886E341E0 /* PresetChooser.cpp */ = {isa = PBXFileReference; lastKnownFileType = sourcecode.cpp.cpp; name = PresetChooser.cpp; path = ../../../BlipBox/firmware/PresetChooser.cpp; sourceTree = SOURCE_ROOT; };
		0FCFA1A7CD2E3795595D6E91 /* MidiZone.h */ = {isa = PBXFileReference; lastKnownFileType = sourcecode.c.h; name = MidiZone.h; path = ../../../BlipBox/firmware/MidiZone.h; sourceTree = SOURCE_ROOT; };
		15E12980527D742693934162 /* Characters.h */ = {isa = PBXFileReference; lastKnownFileType = sourcecode.c.h; name = Characters.h; path = ../../../BlipBox/firmware/Characters.h; sourceTree = SOURCE_ROOT; };
		1DAA57DD250A2ABB9B2091AC /* OverflowTimer.h */ = {isa = PBXFileReference; lastKnownFileType = sourcecode.c.h; name = OverflowTimer.h; path = ../../Source/OverflowTimer.h; sourceTree = SOURCE_ROOT; };
		1F21BAA74106CBB37B69B6F1 /* defs.h */ = {isa = PBXFileReference; lastKnownFileType = sourcecode.c.h; name = defs.h; path = ../../../BlipBox/firmware/defs.h; sourceTree = SOURCE_ROOT; };
		201E2BC57EDDA2796285F7F6 /* MainWindow.h */ = {isa = PBXFileReference; lastKnownFileType = sourcecode.c.h; name = MainWindow.h; path = ../../Source/MainWindow.h; sourceTree = SOURCE_ROOT; };
		20529268326B381FB07E65F3 /* BlipClient.h */ = {isa = PBXFileReference; lastKnownFileType = sourcecode.c.h; name = BlipClient.h; path = ../../Source/BlipClient.h; sourceTree = SOURCE_ROOT; };
		2869E883B48DF24E6C409AFF /* EventHandler.cpp */ = {isa = PBXFileReference; lastKnownFileType = sourcecode.cpp.cpp; name = EventHandler.cpp; path = ../../../BlipBox/firmware/EventHandler.cpp; sourceTree = SOURCE_ROOT; };
		2BDBD52034C01DC96C596BF5 /* Carbon.framework */ = {isa = PBXFileReference; lastKnownFileType = wrapper.framework; name = Carbon.framework; path = System/Library/Frameworks/Carbon.framework; sourceTree = SDKROOT; };
		2CD77B0298962985677D3C2A /* Configuration.h */ = {isa = PBXFileReference; lastKnownFileType = sourcecode.c.h; name = Configuration.h; path = ../../../BlipBox/firmware/Configuration.h; sourceTree = SOURCE_ROOT; };
		2D04D2765BBE8746944D3D6E /* DisplayManager.cpp */ = {isa = PBXFileReference; lastKnownFileType = sourcecode.cpp.cpp; name = DisplayManager.cpp; path = ../../../BlipBox/firmware/DisplayManager.cpp; sourceTree = SOURCE_ROOT; };
		396E821AA125556416BD4CD1 /* SerialProtocol.cpp */ = {isa = PBXFileReference; lastKnownFileType = sourcecode.cpp.cpp; name = SerialProtocol.cpp; path = ../../../BlipBox/firmware/SerialProtocol.cpp; sourceTree = SOURCE_ROOT; };
		3CDBEAE055F0588BAB5B1964 /* AudioToolbox.framework */ = {isa = PBXFileReference; lastKnownFileType = wrapper.framework; name = AudioToolbox.framework; path = System/Library/Frameworks/AudioToolbox.framework; sourceTree = SDKROOT; };
		3DB436F423624861AD227518 /* Animator.h */ = {isa = PBXFileReference; lastKnownFileType = sourcecode.c.h; name = Animator.h; path = ../../../BlipBox/firmware/Animator.h; sourceTree = SOURCE_ROOT; };
		4156FDFA57CB9E875DEE5C7A /* Characters.cpp */ = {isa = PBXFileReference; lastKnownFileType = sourcecode.cpp.cpp; name = Characters.cpp; path = ../../../BlipBox/firmware/Characters.cpp; sourceTree = SOURCE_ROOT; };
		41940D969B047E9558658C4B /* Counter.h */ = {isa = PBXFileReference; lastKnownFileType = sourcecode.c.h; name = Counter.h; path = ../../../BlipBox/firmware/Counter.h; sourceTree = SOURCE_ROOT; };
		4381844D9A9572AE868B160A /* MidiZone.cpp */ = {isa = PBXFileReference; lastKnownFileType = sourcecode.cpp.cpp; name = MidiZone.cpp; path = ../../../BlipBox/firmware/MidiZone.cpp; sourceTree = SOURCE_ROOT; };
		4646F809AD6C93233832846A /* OpenGL.framework */ = {isa = PBXFileReference; lastKnownFileType = wrapper.framework; name = OpenGL.framework; path = System/Library/Frameworks/OpenGL.framework; sourceTree = SDKROOT; };
		47F593A1F41EE0D12717EAA7 /* MessageDispatcher.h */ = {isa = PBXFileReference; lastKnownFileType = sourcecode.c.h; name = MessageDispatcher.h; path = ../../../BlipBox/firmware/MessageDispatcher.h; sourceTree = SOURCE_ROOT; };
		481D7CDA7153C4D39D27F478 /* BlipSim.h */ = {isa = PBXFileReference; lastKnownFileType = sourcecode.c.h; name = BlipSim.h; path = ../../Source/BlipSim.h; sourceTree = SOURCE_ROOT; };
		48F11021FB2768DC73B40F6F /* MidiMessageSender.h */ = {isa = PBXFileReference; lastKnownFileType = sourcecode.c.h; name = MidiMessageSender.h; path = ../../Source/MidiMessageSender.h; sourceTree = SOURCE_ROOT; };
		493696949CE5A8D3F72F5C4C /* device.h */ = {isa = PBXFileReference; lastKnownFileType = sourcecode.c.h; name = device.h; path = ../../../BlipBox/firmware/device.h; sourceTree = SOURCE_ROOT; };
		4B69C716A41DD1A366F2B5C9 /* globals.h */ = {isa = PBXFileReference; lastKnownFileType = sourcecode.c.h; name = globals.h; path = ../../../BlipBox/firmware/globals.h; sourceTree = SOURCE_ROOT; };
		4BC5DC2F1E516B123A432500 /* io.c */ = {isa = PBXFileReference; lastKnownFileType = sourcecode.c.c; name = io.c; path = ../../../BlipBox/firmware/simulator/avr/io.c; sourceTree = SOURCE_ROOT; };
		54D75DEDAF91397CA250ACBC /* Command.h */ = {isa = PBXFileReference; lastKnownFileType = sourcecode.c.h; name = Command.h; path = ../../../BlipBox/firmware/Command.h; sourceTree = SOURCE_ROOT; };
		5C47100C8F78F70EEC550FAB /* WebKit.framework */ = {isa = PBXFileReference; lastKnownFileType = wrapper.framework; name = WebKit.framework; path = System/Library/Frameworks/WebKit.framework; sourceTree = SDKROOT; };
		5D67A1C3A27B560B7E541076 /* MidiZoneComponent.cpp */ = {isa = PBXFileReference; lastKnownFileType = sourcecode.cpp.cpp; name = MidiZoneComponent.cpp; path = ../../Source/MidiZoneComponent.cpp; sourceTree = SOURCE_ROOT; };
		5E69807E80D60E31B5E620D6 /* pgmspace.h */ = {isa = PBXFileReference; lastKnownFileType = sourcecode.c.h; name = pgmspace.h; path = ../../../BlipBox/firmware/simulator/avr/pgmspace.h; sourceTree = SOURCE_ROOT; };
		5F1AD955F6EDA3D194987834 /* MessageDispatcher.cpp */ = {isa = PBXFileReference; lastKnownFileType = sourcecode.cpp.cpp; name = MessageDispatcher.cpp; path = ../../../BlipBox/firmware/MessageDispatcher.cpp; sourceTree = SOURCE_ROOT; };
		5F63B787F7621B223D6B277E /* MidiZonePreset.h */ = {isa = PBXFileReference; lastKnownFileType = sourcecode.c.h; name = MidiZonePreset.h; path = ../../Source/MidiZonePreset.h; sourceTree = SOURCE_ROOT; };
		63574AF2E0EC0E1F149F8D4A /* KeyController.h */ = {isa = PBXFileReference; lastKnownFileType = sourcecode.c.h; name = KeyController.h; path = ../../../BlipBox/firmware/KeyController.h; sourceTree = SOURCE_ROOT; };
		67111FF3B90A0DBCEBA57FE2 /* JuceHeader.h */ = {isa = PBXFileReference; lastKnownFileType = sourcecode.c.h; name = JuceHeader.h; path = ../../JuceLibraryCode/JuceHeader.h; sourceTree = SOURCE_ROOT; };
		67E0B830401EA0E883CCAAAC /* MidiZoneEventHandler.h */ = {isa = PBXFileReference; lastKnownFileType = sourcecode.c.h; name = MidiZoneEventHandler.h; path = ../../../BlipBox/firmware/MidiZoneEventHandler.h; sourceTree = SOURCE_ROOT; };
		6824D38ADF25185AF0A6C756 /* TouchController.h */ = {isa = PBXFileReference; lastKnownFileType = sourcecode.c.h; name = TouchController.h; path = ../../../BlipBox/firmware/TouchController.h; sourceTree = SOURCE_ROOT; };
		69CDED260452C302BCAE8CB5 /* PresetChooser.h */ = {isa = PBXFileReference; lastKnownFileType = sourcecode.c.h; name = PresetChooser.h; path = ../../../BlipBox/firmware/PresetChooser.h; sourceTree = SOURCE_ROOT; };
		69E3CE875903BE2F4EA94527 /* MainWindow.cpp */ = {isa = PBXFileReference; lastKnownFileType = sourcecode.cpp.cpp; name = MainWindow.cpp; path = ../../Source/MainWindow.cpp; sourceTree = SOURCE_ROOT; };
		6A2624DBD12C79CBAB1FF5B6 /* blipbox.icns */ = {isa = PBXFileReference; lastKnownFileType = image.icns; name = blipbox.icns; path = ../../Resources/blipbox.icns; sourceTree = SOURCE_ROOT; };
		6C8A68D5EF029999EA6109A4 /* AsioSerial.cpp */ = {isa = PBXFileReference; lastKnownFileType = sourcecode.cpp.cpp; name = AsioSerial.cpp; path = ../../Source/AsioSerial.cpp; sourceTree = SOURCE_ROOT; };
		6D8F7B61C0950C60A3F650AC /* PresetComponent.h */ = {isa = PBXFileReference; lastKnownFileType = sourcecode.c.h; name = PresetComponent.h; path = ../../Source/PresetComponent.h; sourceTree = SOURCE_ROOT; };
		6D8F94C43D51A020517D1C09 /* BlipSimComponent.cpp */ = {isa = PBXFileReference; lastKnownFileType = sourcecode.cpp.cpp; name = BlipSimComponent.cpp; path = ../../Source/BlipSimComponent.cpp; sourceTree = SOURCE_ROOT; };
		7043F256C749619725007B4B /* DirectCounter.h */ = {isa = PBXFileReference; lastKnownFileType = sourcecode.c.h; name = DirectCounter.h; path = ../../../BlipBox/firmware/DirectCounter.h; sourceTree = SOURCE_ROOT; };
		72F5EF9AA4A5E05057943AE0 /* SerialProtocolReader.h */ = {isa = PBXFileReference; lastKnownFileType = sourcecode.c.h; name = SerialProtocolReader.h; path = ../../../BlipBox/firmware/SerialProtocolReader.h; sourceTree = SOURCE_ROOT; };
		7A7879AD33A2812E4E09DA07 /* EventHandler.h */ = {isa = PBXFileReference; lastKnownFileType = sourcecode.c.h; name = EventHandler.h; path = ../../Source/EventHandler.h; sourceTree = SOURCE_ROOT; };
		7C62614B21925E8E8A424123 /* eeprom.c */ = {isa = PBXFileReference; lastKnownFileType = sourcecode.c.c; name = eeprom.c; path = ../../../BlipBox/firmware/simulator/avr/eeprom.c; sourceTree = SOURCE_ROOT; };
		846B1A20A060845FDE601C37 /* SimScreen.cpp */ = {isa = PBXFileReference; lastKnownFileType = sourcecode.cpp.cpp; name = SimScreen.cpp; path = ../../Source/SimScreen.cpp; sourceTree = SOURCE_ROOT; };
		84E0DC4397498ACF8402EC98 /* DisplayManager.h */ = {isa = PBXFileReference; lastKnownFileType = sourcecode.c.h; name = DisplayManager.h; path = ../../../BlipBox/firmware/DisplayManager.h; sourceTree = SOURCE_ROOT; };
		8CDA65FDA1D2A8FD2A217035 /* DiscRecording.framework */ = {isa = PBXFileReference; lastKnownFileType = wrapper.framework; name = DiscRecording.framework; path = System/Library/Frameworks/DiscRecording.framework; sourceTree = SDKROOT; };
		8DDC51D24D1B227438766E43 /* BinaryData.h */ = {isa = PBXFileReference; lastKnownFileType = sourcecode.c.h; name = BinaryData.h; path = ../../JuceLibraryCode/BinaryData.h; sourceTree = SOURCE_ROOT; };
		92E65A2A27180E42E67B08CD /* Parameters.h */ = {isa = PBXFileReference; lastKnownFileType = sourcecode.c.h; name = Parameters.h; path = ../../../BlipBox/firmware/Parameters.h; sourceTree = SOURCE_ROOT; };
		94CD8F31265CC481E0974A9C /* BlipSim.cpp */ = {isa = PBXFileReference; lastKnownFileType = sourcecode.cpp.cpp; name = BlipSim.cpp; path = ../../Source/BlipSim.cpp; sourceTree = SOURCE_ROOT; };
		95CB6C4BBD95128790768B0D /* AsioSerial.h */ = {isa = PBXFileReference; lastKnownFileType = sourcecode.c.h; name = AsioSerial.h; path = ../../Source/AsioSerial.h; sourceTree = SOURCE_ROOT; };
		9AD0E6CB40B7C5A8D8ABB133 /* LedController.h */ = {isa = PBXFileReference; lastKnownFileType = sourcecode.c.h; name = LedController.h; path = ../../../BlipBox/firmware/LedController.h; sourceTree = SOURCE_ROOT; };
		9B91F8BB10F0597A05DEC3C5 /* CoreAudio.framework */ = {isa = PBXFileReference; lastKnownFileType = wrapper.framework; name = CoreAudio.framework; path = System/Library/Frameworks/CoreAudio.framework; sourceTree = SDKROOT; };
		AA055F83A370B3CF7D5EFF56 /* Serial.h */ = {isa = PBXFileReference; lastKnownFileType = sourcecode.c.h; name = Serial.h; path = ../../Source/Serial.h; sourceTree = SOURCE_ROOT; };
		ABD717D6A2B99B3E3FFC0E14 /* Animator.cpp */ = {isa = PBXFileReference; lastKnownFileType = sourcecode.cpp.cpp; name = Animator.cpp; path = ../../../BlipBox/firmware/Animator.cpp; sourceTree = SOURCE_ROOT; };
		ADBAB30F91E19C5690C81492 /* Parameters.cpp */ = {isa = PBXFileReference; lastKnownFileType = sourcecode.cpp.cpp; name = Parameters.cpp; path = ../../../BlipBox/firmware/Parameters.cpp; sourceTree = SOURCE_ROOT; };
		AF954846A74FE95C77980B83 /* AppConfig.h */ = {isa = PBXFileReference; lastKnownFileType = sourcecode.c.h; name = AppConfig.h; path = ../../JuceLibraryCode/AppConfig.h; sourceTree = SOURCE_ROOT; };
		B00B43664A84156175CC3773 /* Serial.cpp */ = {isa = PBXFileReference; lastKnownFileType = sourcecode.cpp.cpp; name = Serial.cpp; path = ../../Source/Serial.cpp; sourceTree = SOURCE_ROOT; };
		B121DEF6878456309C03792E /* QuickTime.framework */ = {isa = PBXFileReference; lastKnownFileType = wrapper.framework; name = QuickTime.framework; path = System/Library/Frameworks/QuickTime.framework; sourceTree = SDKROOT; };
		B37801490B33221F20D7FABE /* pgmspace.c */ = {isa = PBXFileReference; lastKnownFileType = sourcecode.c.c; name = pgmspace.c; path = ../../../BlipBox/firmware/simulator/avr/pgmspace.c; sourceTree = SOURCE_ROOT; };
		B3FACBB46867008A02A1D252 /* Protocol.h */ = {isa = PBXFileReference; lastKnownFileType = sourcecode.c.h; name = Protocol.h; path = ../../../BlipBox/firmware/Protocol.h; sourceTree = SOURCE_ROOT; };
		B493093CDC7CFB1CF7D58783 /* io.h */ = {isa = PBXFileReference; lastKnownFileType = sourcecode.c.h; name = io.h; path = ../../../BlipBox/firmware/simulator/avr/io.h; sourceTree = SOURCE_ROOT; };
		B669E8768BCF147C0C79D711 /* interrupt.h */ = {isa = PBXFileReference; lastKnownFileType = sourcecode.c.h; name = interrupt.h; path = ../../../BlipBox/firmware/simulator/avr/interrupt.h; sourceTree = SOURCE_ROOT; };
		B6B847128944D605A53690F3 /* MidiZoneComponent.h */ = {isa = PBXFileReference; lastKnownFileType = sourcecode.c.h; name = MidiZoneComponent.h; path = ../../Source/MidiZoneComponent.h; sourceTree = SOURCE_ROOT; };
		B75DE44B1A36EA8FC1770949 /* BinaryData.cpp */ = {isa = PBXFileReference; lastKnownFileType = sourcecode.cpp.cpp; name = BinaryData.cpp; path = ../../JuceLibraryCode/BinaryData.cpp; sourceTree = SOURCE_ROOT; };
		BAE37E17112F357A454A9DDB /* PresetComponent.cpp */ = {isa = PBXFileReference; lastKnownFileType = sourcecode.cpp.cpp; name = PresetComponent.cpp; path = ../../Source/PresetComponent.cpp; sourceTree = SOURCE_ROOT; };
		C24A7BC4A006AF568BB11723 /* MidiZoneEventHandler.cpp */ = {isa = PBXFileReference; lastKnownFileType = sourcecode.cpp.cpp; name = MidiZoneEventHandler.cpp; path = ../../../BlipBox/firmware/MidiZoneEventHandler.cpp; sourceTree = SOURCE_ROOT; };
		C27C3793A6FCE5F9F69F8C6E /* CoreMIDI.framework */ = {isa = PBXFileReference; lastKnownFileType = wrapper.framework; name = CoreMIDI.framework; path = System/Library/Frameworks/CoreMIDI.framework; sourceTree = SDKROOT; };
		C4621B9BF5FB0E6B7CC40359 /* globals.cpp */ = {isa = PBXFileReference; lastKnownFileType = sourcecode.cpp.cpp; name = globals.cpp; path = ../../../BlipBox/firmware/globals.cpp; sourceTree = SOURCE_ROOT; };
		C4DF7781AF2F36C8359C56D0 /* Configuration.cpp */ = {isa = PBXFileReference; lastKnownFileType = sourcecode.cpp.cpp; name = Configuration.cpp; path = ../../../BlipBox/firmware/Configuration.cpp; sourceTree = SOURCE_ROOT; };
		C602CB39EBD122BF8EBF2C3B /* serial.h */ = {isa = PBXFileReference; lastKnownFileType = sourcecode.c.h; name = serial.h; path = ../../../BlipBox/firmware/serial.h; sourceTree = SOURCE_ROOT; };
		C9219C1C82B8574AD7225641 /* ApplicationConfiguration.h */ = {isa = PBXFileReference; lastKnownFileType = sourcecode.c.h; name = ApplicationConfiguration.h; path = ../../Source/ApplicationConfiguration.h; sourceTree = SOURCE_ROOT; };
		CB2C9645BE1FF36027BFB7A3 /* BlipSimComponent.h */ = {isa = PBXFileReference; lastKnownFileType = sourcecode.c.h; name = BlipSimComponent.h; path = ../../Source/BlipSimComponent.h; sourceTree = SOURCE_ROOT; };
		CF4AAE045B54AD178F8A3A34 /* Position.h */ = {isa = PBXFileReference; lastKnownFileType = sourcecode.c.h; name = Position.h; path = ../../../BlipBox/firmware/Position.h; sourceTree = SOURCE_ROOT; };
		D1C0D693490BB7CFAA44E7B2 /* ApplicationSettingsComponent.cpp */ = {isa = PBXFileReference; lastKnownFileType = sourcecode.cpp.cpp; name = ApplicationSettingsComponent.cpp; path = ../../Source/ApplicationSettingsComponent.cpp; sourceTree = SOURCE_ROOT; };
		D500914F8650AB7A547D83B1 /* SimWindow.h */ = {isa = PBXFileReference; lastKnownFileType = sourcecode.c.h; name = SimWindow.h; path = ../../Source/SimWindow.h; sourceTree = SOURCE_ROOT; };
		D517073C584412ECA97019B4 /* interrupt.o */ = {isa = PBXFileReference; lastKnownFileType = "compiled.mach-o.objfile"; name = interrupt.o; path = ../../../BlipBox/firmware/simulator/avr/interrupt.o; sourceTree = SOURCE_ROOT; };
		D9233186CAB0B4CB82B1A41E /* ApplicationSettingsComponent.h */ = {isa = PBXFileReference; lastKnownFileType = sourcecode.c.h; name = ApplicationSettingsComponent.h; path = ../../Source/ApplicationSettingsComponent.h; sourceTree = SOURCE_ROOT; };
		DB0B82BCC9710D4366310C42 /* Info.plist */ = {isa = PBXFileReference; lastKnownFileType = text.plist.xml; path = Info.plist; sourceTree = SOURCE_ROOT; };
		DEE1C66336F5D9D46770F1D0 /* KeyController.cpp */ = {isa = PBXFileReference; lastKnownFileType = sourcecode.cpp.cpp; name = KeyController.cpp; path = ../../../BlipBox/firmware/KeyController.cpp; sourceTree = SOURCE_ROOT; };
		E15D74B4DFFF343958E0C9BC /* ApplicationConfiguration.cpp */ = {isa = PBXFileReference; lastKnownFileType = sourcecode.cpp.cpp; name = ApplicationConfiguration.cpp; path = ../../Source/ApplicationConfiguration.cpp; sourceTree = SOURCE_ROOT; };
		E298CBF215030626A1ACC5DC /* SimWindow.cpp */ = {isa = PBXFileReference; lastKnownFileType = sourcecode.cpp.cpp; name = SimWindow.cpp; path = ../../Source/SimWindow.cpp; sourceTree = SOURCE_ROOT; };
		E62FF6BB54816FAB4F0919B0 /* MidiPresetReader.h */ = {isa = PBXFileReference; lastKnownFileType = sourcecode.c.h; name = MidiPresetReader.h; path = ../../../BlipBox/firmware/MidiPresetReader.h; sourceTree = SOURCE_ROOT; };
		E7B9F84ADF93070234813BFC /* MidiZonePreset.cpp */ = {isa = PBXFileReference; lastKnownFileType = sourcecode.cpp.cpp; name = MidiZonePreset.cpp; path = ../../Source/MidiZonePreset.cpp; sourceTree = SOURCE_ROOT; };
		E832D5201F79B4C196A8AEB2 /* SerialProtocolReader.cpp */ = {isa = PBXFileReference; lastKnownFileType = sourcecode.cpp.cpp; name = SerialProtocolReader.cpp; path = ../../../BlipBox/firmware/SerialProtocolReader.cpp; sourceTree = SOURCE_ROOT; };
		E8924FEB0E7CF99209B99B19 /* DirectCounter.cpp */ = {isa = PBXFileReference; lastKnownFileType = sourcecode.cpp.cpp; name = DirectCounter.cpp; path = ../../../BlipBox/firmware/DirectCounter.cpp; sourceTree = SOURCE_ROOT; };
		EAC0B8A58426F7B20E80B597 /* BlipBox.h */ = {isa = PBXFileReference; lastKnownFileType = sourcecode.c.h; name = BlipBox.h; path = ../../../BlipBox/firmware/BlipBox.h; sourceTree = SOURCE_ROOT; };
		EB17B8222E7D7C313747BD4D /* EventHandler.h */ = {isa = PBXFileReference; lastKnownFileType = sourcecode.c.h; name = EventHandler.h; path = ../../../BlipBox/firmware/EventHandler.h; sourceTree = SOURCE_ROOT; };
		EBD926A0B121AA0A48AC2756 /* BlipBox.cpp */ = {isa = PBXFileReference; lastKnownFileType = sourcecode.cpp.cpp; name = BlipBox.cpp; path = ../../../BlipBox/firmware/BlipBox.cpp; sourceTree = SOURCE_ROOT; };
		EC95562A9E9EDC3E9B1A9061 /* Cocoa.framework */ = {isa = PBXFileReference; lastKnownFileType = wrapper.framework; name = Cocoa.framework; path = System/Library/Frameworks/Cocoa.framework; sourceTree = SDKROOT; };
		EEBAEC32E346CCA210EA1A75 /* SimScreen.h */ = {isa = PBXFileReference; lastKnownFileType = sourcecode.c.h; name = SimScreen.h; path = ../../Source/SimScreen.h; sourceTree = SOURCE_ROOT; };
		F5124573ABD695FB00185620 /* JuceLibraryCode.mm */ = {isa = PBXFileReference; lastKnownFileType = sourcecode.cpp.objcpp; name = JuceLibraryCode.mm; path = ../../JuceLibraryCode/JuceLibraryCode.mm; sourceTree = SOURCE_ROOT; };
		F590A62C5F53226EAD488C05 /* FiveWireTouchController.cpp */ = {isa = PBXFileReference; lastKnownFileType = sourcecode.cpp.cpp; name = FiveWireTouchController.cpp; path = ../../../BlipBox/firmware/simulator/FiveWireTouchController.cpp; sourceTree = SOURCE_ROOT; };
		F682139A328C8A529BC1C572 /* BlipClient.cpp */ = {isa = PBXFileReference; lastKnownFileType = sourcecode.cpp.cpp; name = BlipClient.cpp; path = ../../Source/BlipClient.cpp; sourceTree = SOURCE_ROOT; };
		FA1714BA8849C34396A358C4 /* BlipZones.app */ = {isa = PBXFileReference; explicitFileType = wrapper.application; includeInIndex = 0; path = BlipZones.app; sourceTree = BUILT_PRODUCTS_DIR; };
		FD46F99396B85E6C9880FD31 /* IOKit.framework */ = {isa = PBXFileReference; lastKnownFileType = wrapper.framework; name = IOKit.framework; path = System/Library/Frameworks/IOKit.framework; sourceTree = SDKROOT; };
/* End PBXFileReference section */

/* Begin PBXFrameworksBuildPhase section */
		EFBDC416DA1800E547F5A0EB /* Frameworks */ = {
			isa = PBXFrameworksBuildPhase;
			buildActionMask = 2147483647;
			files = (
				F71C5835AA69DD3ACB4BEBD6 /* AudioToolbox.framework in Frameworks */,
				9F3988E5875DC905119D69B9 /* Carbon.framework in Frameworks */,
				5305BD92F3F36EE5F903C84B /* Cocoa.framework in Frameworks */,
				39D9936319B814801DBA9C64 /* CoreAudio.framework in Frameworks */,
				AE86D65581912C65DFB1C2AB /* CoreMIDI.framework in Frameworks */,
				036824D38ADF25185AF0A6C7 /* DiscRecording.framework in Frameworks */,
				EA56E96EC2815026A27EF591 /* IOKit.framework in Frameworks */,
				82B1149437A9B20669D825CA /* OpenGL.framework in Frameworks */,
				7A0FA79588881FE82E90A5CF /* QTKit.framework in Frameworks */,
				B2187236A44707AC00748B74 /* QuartzCore.framework in Frameworks */,
				069EFA169E7D570081DFF109 /* QuickTime.framework in Frameworks */,
				CD6C0998B8F2D44EB4A62E1F /* WebKit.framework in Frameworks */,
			);
			runOnlyForDeploymentPostprocessing = 0;
		};
/* End PBXFrameworksBuildPhase section */

/* Begin PBXGroup section */
		08BD380D6E3632F29E55E4E5 /* BlipBox */ = {
			isa = PBXGroup;
			children = (
				DD0F6DE562D5D1F56543BAE2 /* simulator */,
				ABD717D6A2B99B3E3FFC0E14 /* Animator.cpp */,
				3DB436F423624861AD227518 /* Animator.h */,
				EBD926A0B121AA0A48AC2756 /* BlipBox.cpp */,
				EAC0B8A58426F7B20E80B597 /* BlipBox.h */,
				4156FDFA57CB9E875DEE5C7A /* Characters.cpp */,
				15E12980527D742693934162 /* Characters.h */,
				54D75DEDAF91397CA250ACBC /* Command.h */,
				C4DF7781AF2F36C8359C56D0 /* Configuration.cpp */,
				2CD77B0298962985677D3C2A /* Configuration.h */,
				41940D969B047E9558658C4B /* Counter.h */,
				1F21BAA74106CBB37B69B6F1 /* defs.h */,
				493696949CE5A8D3F72F5C4C /* device.h */,
				E8924FEB0E7CF99209B99B19 /* DirectCounter.cpp */,
				7043F256C749619725007B4B /* DirectCounter.h */,
				2D04D2765BBE8746944D3D6E /* DisplayManager.cpp */,
				84E0DC4397498ACF8402EC98 /* DisplayManager.h */,
				2869E883B48DF24E6C409AFF /* EventHandler.cpp */,
				EB17B8222E7D7C313747BD4D /* EventHandler.h */,
				C4621B9BF5FB0E6B7CC40359 /* globals.cpp */,
				4B69C716A41DD1A366F2B5C9 /* globals.h */,
				DEE1C66336F5D9D46770F1D0 /* KeyController.cpp */,
				63574AF2E0EC0E1F149F8D4A /* KeyController.h */,
				9AD0E6CB40B7C5A8D8ABB133 /* LedController.h */,
				5F1AD955F6EDA3D194987834 /* MessageDispatcher.cpp */,
				47F593A1F41EE0D12717EAA7 /* MessageDispatcher.h */,
				E62FF6BB54816FAB4F0919B0 /* MidiPresetReader.h */,
				4381844D9A9572AE868B160A /* MidiZone.cpp */,
				0FCFA1A7CD2E3795595D6E91 /* MidiZone.h */,
				C24A7BC4A006AF568BB11723 /* MidiZoneEventHandler.cpp */,
				67E0B830401EA0E883CCAAAC /* MidiZoneEventHandler.h */,
				ADBAB30F91E19C5690C81492 /* Parameters.cpp */,
				92E65A2A27180E42E67B08CD /* Parameters.h */,
				CF4AAE045B54AD178F8A3A34 /* Position.h */,
				0F27AC4DE1C689E886E341E0 /* PresetChooser.cpp */,
				69CDED260452C302BCAE8CB5 /* PresetChooser.h */,
				B3FACBB46867008A02A1D252 /* Protocol.h */,
				C602CB39EBD122BF8EBF2C3B /* serial.h */,
				396E821AA125556416BD4CD1 /* SerialProtocol.cpp */,
				E832D5201F79B4C196A8AEB2 /* SerialProtocolReader.cpp */,
				72F5EF9AA4A5E05057943AE0 /* SerialProtocolReader.h */,
				6824D38ADF25185AF0A6C756 /* TouchController.h */,
			);
			name = BlipBox;
			sourceTree = "<group>";
		};
		0D8CFC996F400297911D71A3 /* Juce Library Code */ = {
			isa = PBXGroup;
			children = (
				AF954846A74FE95C77980B83 /* AppConfig.h */,
				B75DE44B1A36EA8FC1770949 /* BinaryData.cpp */,
				8DDC51D24D1B227438766E43 /* BinaryData.h */,
				67111FF3B90A0DBCEBA57FE2 /* JuceHeader.h */,
				F5124573ABD695FB00185620 /* JuceLibraryCode.mm */,
			);
			name = "Juce Library Code";
			sourceTree = "<group>";
		};
		2666C602FDBA01A8DAB002C5 /* avr */ = {
			isa = PBXGroup;
			children = (
				7C62614B21925E8E8A424123 /* eeprom.c */,
				07A7CF286FAEC0E97C728C6F /* eeprom.h */,
				0B0A69855A7F8C062E7C3A7B /* interrupt.c */,
				B669E8768BCF147C0C79D711 /* interrupt.h */,
				D517073C584412ECA97019B4 /* interrupt.o */,
				4BC5DC2F1E516B123A432500 /* io.c */,
				B493093CDC7CFB1CF7D58783 /* io.h */,
				B37801490B33221F20D7FABE /* pgmspace.c */,
				5E69807E80D60E31B5E620D6 /* pgmspace.h */,
			);
			name = avr;
			sourceTree = "<group>";
		};
		37E4663821DAE593C016B4D5 /* Source */ = {
			isa = PBXGroup;
			children = (
				6C8A68D5EF029999EA6109A4 /* AsioSerial.cpp */,
				95CB6C4BBD95128790768B0D /* AsioSerial.h */,
				B00B43664A84156175CC3773 /* Serial.cpp */,
				08BD380D6E3632F29E55E4E5 /* BlipBox */,
				E15D74B4DFFF343958E0C9BC /* ApplicationConfiguration.cpp */,
				C9219C1C82B8574AD7225641 /* ApplicationConfiguration.h */,
				D1C0D693490BB7CFAA44E7B2 /* ApplicationSettingsComponent.cpp */,
				D9233186CAB0B4CB82B1A41E /* ApplicationSettingsComponent.h */,
				F682139A328C8A529BC1C572 /* BlipClient.cpp */,
				20529268326B381FB07E65F3 /* BlipClient.h */,
				94CD8F31265CC481E0974A9C /* BlipSim.cpp */,
				481D7CDA7153C4D39D27F478 /* BlipSim.h */,
				6D8F94C43D51A020517D1C09 /* BlipSimComponent.cpp */,
				CB2C9645BE1FF36027BFB7A3 /* BlipSimComponent.h */,
				7A7879AD33A2812E4E09DA07 /* EventHandler.h */,
				69E3CE875903BE2F4EA94527 /* MainWindow.cpp */,
				201E2BC57EDDA2796285F7F6 /* MainWindow.h */,
				0BC5FFEF408E7788EDAE3A3C /* Main.cpp */,
				48F11021FB2768DC73B40F6F /* MidiMessageSender.h */,
				5D67A1C3A27B560B7E541076 /* MidiZoneComponent.cpp */,
				B6B847128944D605A53690F3 /* MidiZoneComponent.h */,
				E7B9F84ADF93070234813BFC /* MidiZonePreset.cpp */,
				5F63B787F7621B223D6B277E /* MidiZonePreset.h */,
				1DAA57DD250A2ABB9B2091AC /* OverflowTimer.h */,
				BAE37E17112F357A454A9DDB /* PresetComponent.cpp */,
				6D8F7B61C0950C60A3F650AC /* PresetComponent.h */,
				AA055F83A370B3CF7D5EFF56 /* Serial.h */,
				846B1A20A060845FDE601C37 /* SimScreen.cpp */,
				EEBAEC32E346CCA210EA1A75 /* SimScreen.h */,
				E298CBF215030626A1ACC5DC /* SimWindow.cpp */,
				D500914F8650AB7A547D83B1 /* SimWindow.h */,
			);
			name = Source;
			sourceTree = "<group>";
		};
		C190910D4439DCF92F5BD71F /* Resources */ = {
			isa = PBXGroup;
			children = (
				6A2624DBD12C79CBAB1FF5B6 /* blipbox.icns */,
			);
			name = Resources;
			sourceTree = "<group>";
		};
		C2FA7C7DC4BD36D5512176C4 /* Resources */ = {
			isa = PBXGroup;
			children = (
				DB0B82BCC9710D4366310C42 /* Info.plist */,
			);
			name = Resources;
			sourceTree = "<group>";
		};
		D77744385191FA5EC79D64EA /* Source */ = {
			isa = PBXGroup;
			children = (
				F3419B0B0090B3979E58CB67 /* BlipZones */,
				0D8CFC996F400297911D71A3 /* Juce Library Code */,
				C2FA7C7DC4BD36D5512176C4 /* Resources */,
				E5A92342AA26D9CDC17F2026 /* Frameworks */,
				F0BEF0DE09564404BC747582 /* Products */,
			);
			name = Source;
			sourceTree = "<group>";
		};
		DD0F6DE562D5D1F56543BAE2 /* simulator */ = {
			isa = PBXGroup;
			children = (
				2666C602FDBA01A8DAB002C5 /* avr */,
				F590A62C5F53226EAD488C05 /* FiveWireTouchController.cpp */,
			);
			name = simulator;
			sourceTree = "<group>";
		};
		E5A92342AA26D9CDC17F2026 /* Frameworks */ = {
			isa = PBXGroup;
			children = (
				3CDBEAE055F0588BAB5B1964 /* AudioToolbox.framework */,
				2BDBD52034C01DC96C596BF5 /* Carbon.framework */,
				EC95562A9E9EDC3E9B1A9061 /* Cocoa.framework */,
				9B91F8BB10F0597A05DEC3C5 /* CoreAudio.framework */,
				C27C3793A6FCE5F9F69F8C6E /* CoreMIDI.framework */,
				8CDA65FDA1D2A8FD2A217035 /* DiscRecording.framework */,
				FD46F99396B85E6C9880FD31 /* IOKit.framework */,
				4646F809AD6C93233832846A /* OpenGL.framework */,
				0E9C9572A50DB8EA6E51E1C2 /* QTKit.framework */,
				0B041D56E8CA4C914812DF01 /* QuartzCore.framework */,
				B121DEF6878456309C03792E /* QuickTime.framework */,
				5C47100C8F78F70EEC550FAB /* WebKit.framework */,
			);
			name = Frameworks;
			sourceTree = "<group>";
		};
		F0BEF0DE09564404BC747582 /* Products */ = {
			isa = PBXGroup;
			children = (
				FA1714BA8849C34396A358C4 /* BlipZones.app */,
			);
			name = Products;
			sourceTree = "<group>";
		};
		F3419B0B0090B3979E58CB67 /* BlipZones */ = {
			isa = PBXGroup;
			children = (
				C190910D4439DCF92F5BD71F /* Resources */,
				37E4663821DAE593C016B4D5 /* Source */,
			);
			name = BlipZones;
			sourceTree = "<group>";
		};
/* End PBXGroup section */

/* Begin PBXNativeTarget section */
		B3C91E297F9C2403778F1CA8 /* BlipZones */ = {
			isa = PBXNativeTarget;
			buildConfigurationList = 83C29675B8F998CFF6C00878 /* Build configuration list for PBXNativeTarget "BlipZones" */;
			buildPhases = (
				6F01A86D2131CB7054117D3D /* Resources */,
				3B9894DCF12DC5DDBD13B1EA /* Sources */,
				EFBDC416DA1800E547F5A0EB /* Frameworks */,
			);
			buildRules = (
			);
			dependencies = (
			);
			name = BlipZones;
			productInstallPath = "$(HOME)/Applications";
			productName = BlipZones;
			productReference = FA1714BA8849C34396A358C4 /* BlipZones.app */;
			productType = "com.apple.product-type.application";
		};
/* End PBXNativeTarget section */

/* Begin PBXProject section */
		BE73B0726FB242F4E37541F0 /* Project object */ = {
			isa = PBXProject;
			buildConfigurationList = EC907A3AD886EE7756C0E385 /* Build configuration list for PBXProject "BlipZones" */;
			compatibilityVersion = "Xcode 3.1";
			developmentRegion = English;
			hasScannedForEncodings = 0;
			knownRegions = (
				English,
				Japanese,
				French,
				German,
			);
			mainGroup = D77744385191FA5EC79D64EA /* Source */;
			projectDirPath = "";
			projectRoot = "";
			targets = (
				B3C91E297F9C2403778F1CA8 /* BlipZones */,
			);
		};
/* End PBXProject section */

/* Begin PBXResourcesBuildPhase section */
		6F01A86D2131CB7054117D3D /* Resources */ = {
			isa = PBXResourcesBuildPhase;
			buildActionMask = 2147483647;
			files = (
			);
			runOnlyForDeploymentPostprocessing = 0;
		};
/* End PBXResourcesBuildPhase section */

/* Begin PBXSourcesBuildPhase section */
		3B9894DCF12DC5DDBD13B1EA /* Sources */ = {
			isa = PBXSourcesBuildPhase;
			buildActionMask = 2147483647;
			files = (
				E8849F36894696AFEDAC7FBE /* AsioSerial.cpp in Sources */,
				DB30F69E948BB93E0FB3251E /* Serial.cpp in Sources */,
				D04EDF3303086EDE7D74654D /* eeprom.c in Sources */,
				7959587CF0CDD8D15D1DE427 /* interrupt.c in Sources */,
				C7F98798B2AFD87CC8AFD1A4 /* io.c in Sources */,
				C16EC23CA8ED5104CE32092C /* pgmspace.c in Sources */,
				EA4B358DDCB3C3454B6F0B6D /* FiveWireTouchController.cpp in Sources */,
				D14F15B6703295C8F64F5620 /* Animator.cpp in Sources */,
				DB9C36704CEE2A4091EB15D3 /* BlipBox.cpp in Sources */,
				5A9B745A4CF6E9B99F625169 /* Characters.cpp in Sources */,
				F9A36BB90BBC016089CF3E44 /* Configuration.cpp in Sources */,
				D398705C2B10E1DB45A78F08 /* DirectCounter.cpp in Sources */,
				F13B742D7FB7747E8EBD9604 /* DisplayManager.cpp in Sources */,
				2B0C7A9D7361F4FF20FB7D8B /* EventHandler.cpp in Sources */,
				0FEA6C8CBFB798A19A8C43BF /* globals.cpp in Sources */,
				40A0DEE6CCB568B97B4B6942 /* KeyController.cpp in Sources */,
				5E40A60A20FD97F37CA399F9 /* MessageDispatcher.cpp in Sources */,
				FA4396BB767E05FB7E59CFBF /* MidiZone.cpp in Sources */,
				9B3B27FA91B96E104F5B8722 /* MidiZoneEventHandler.cpp in Sources */,
				A9E34DDD2DBBFF79C037B998 /* Parameters.cpp in Sources */,
				53787FCBE80B7440E9D63F28 /* PresetChooser.cpp in Sources */,
				496271737F61DECBB9980E10 /* SerialProtocol.cpp in Sources */,
				5E0EE15CCCF677DF49C32E5F /* SerialProtocolReader.cpp in Sources */,
				C9517C3150BA2A09F2A914D5 /* ApplicationConfiguration.cpp in Sources */,
				E85C7E29F7A7DB8E82AEB523 /* ApplicationSettingsComponent.cpp in Sources */,
				FA51028A113C207E4E677340 /* BlipClient.cpp in Sources */,
				80B1703C91850918C834C032 /* BlipSim.cpp in Sources */,
				5D821375EC14928BE91382F0 /* BlipSimComponent.cpp in Sources */,
				3F815EA2C165CCF5B2E833D5 /* MainWindow.cpp in Sources */,
				EAEFD2BA9DDACF751C545ED7 /* Main.cpp in Sources */,
				5DF37B85BF95CF52B345D8AA /* MidiZoneComponent.cpp in Sources */,
				8FC2EBAB3DF200043B21B16F /* MidiZonePreset.cpp in Sources */,
				F6EE8D1F038E0BBB0C44851B /* PresetComponent.cpp in Sources */,
				5551CE3056CBBF63574887C8 /* SimScreen.cpp in Sources */,
				71F5C2BBD95AA04C4203E94D /* SimWindow.cpp in Sources */,
				41F00686466A35B446F21DD4 /* BinaryData.cpp in Sources */,
				4F95C2A72AD5660572349E8B /* JuceLibraryCode.mm in Sources */,
			);
			runOnlyForDeploymentPostprocessing = 0;
		};
/* End PBXSourcesBuildPhase section */

/* Begin XCBuildConfiguration section */
		239ED1804572CB01093F18BB /* Release */ = {
			isa = XCBuildConfiguration;
			buildSettings = {
				ALWAYS_SEARCH_USER_PATHS = NO;
				DEBUG_INFORMATION_FORMAT = dwarf;
				GCC_C_LANGUAGE_STANDARD = c99;
				GCC_INLINES_ARE_PRIVATE_EXTERN = YES;
				GCC_MODEL_TUNING = G5;
				GCC_WARN_ABOUT_RETURN_TYPE = YES;
				GCC_WARN_CHECK_SWITCH_STATEMENTS = YES;
				GCC_WARN_MISSING_PARENTHESES = YES;
				GCC_WARN_NON_VIRTUAL_DESTRUCTOR = YES;
				GCC_WARN_TYPECHECK_CALLS_TO_PRINTF = YES;
				GCC_WARN_UNUSED_VARIABLE = YES;
				PRODUCT_NAME = BlipZones;
				WARNING_CFLAGS = "-Wreorder";
				ZERO_LINK = NO;
			};
			name = Release;
		};
		30071E146CBBB98BD56106A7 /* Debug */ = {
			isa = XCBuildConfiguration;
			buildSettings = {
				ALWAYS_SEARCH_USER_PATHS = NO;
				DEBUG_INFORMATION_FORMAT = dwarf;
				GCC_C_LANGUAGE_STANDARD = c99;
				GCC_INLINES_ARE_PRIVATE_EXTERN = YES;
				GCC_MODEL_TUNING = G5;
				GCC_WARN_ABOUT_RETURN_TYPE = YES;
				GCC_WARN_CHECK_SWITCH_STATEMENTS = YES;
				GCC_WARN_MISSING_PARENTHESES = YES;
				GCC_WARN_NON_VIRTUAL_DESTRUCTOR = YES;
				GCC_WARN_TYPECHECK_CALLS_TO_PRINTF = YES;
				GCC_WARN_UNUSED_VARIABLE = YES;
				PRODUCT_NAME = BlipZones;
				WARNING_CFLAGS = "-Wreorder";
				ZERO_LINK = NO;
			};
			name = Debug;
		};
		4F655F5AA820498CDCC271EB /* Release */ = {
			isa = XCBuildConfiguration;
			buildSettings = {
				GCC_GENERATE_DEBUGGING_SYMBOLS = NO;
				GCC_OPTIMIZATION_LEVEL = s;
				GCC_PREPROCESSOR_DEFINITIONS = (
					"_NDEBUG=1",
					"NDEBUG=1",
					"JUCE_ObjCExtraSuffix=Q4ONJ",
					"JUCER_XCODE_MAC_F6D2F4CF=1",
				);
				GCC_SYMBOLS_PRIVATE_EXTERN = YES;
				HEADER_SEARCH_PATHS = (
					../../Libraries,
					../../../BlipBox/firmware/simulator,
					../../../BlipBox/firmware,
					../../BlipBox/firmware/simulator,
					../../BlipBox/firmware,
					"$(inherited)",
				);
				INFOPLIST_FILE = Info.plist;
				INSTALL_PATH = "$(HOME)/Applications";
				MACOSX_DEPLOYMENT_TARGET_ppc = 10.4;
				PREBINDING = NO;
			};
			name = Release;
		};
		B5C9D7E78DC8B4A2C566F313 /* Debug */ = {
			isa = XCBuildConfiguration;
			buildSettings = {
				COPY_PHASE_STRIP = NO;
				GCC_DYNAMIC_NO_PIC = NO;
				GCC_ENABLE_FIX_AND_CONTINUE = NO;
				GCC_OPTIMIZATION_LEVEL = 0;
				GCC_PREPROCESSOR_DEFINITIONS = (
					"_DEBUG=1",
					"DEBUG=1",
					"JUCE_ObjCExtraSuffix=Q4ONJ",
					"JUCER_XCODE_MAC_F6D2F4CF=1",
				);
				HEADER_SEARCH_PATHS = (
					../../Libraries,
					../../../BlipBox/firmware/simulator,
					../../../BlipBox/firmware,
					../../BlipBox/firmware/simulator,
					../../BlipBox/firmware,
					"$(inherited)",
				);
				INFOPLIST_FILE = Info.plist;
				INSTALL_PATH = "$(HOME)/Applications";
				MACOSX_DEPLOYMENT_TARGET_ppc = 10.4;
				ONLY_ACTIVE_ARCH = YES;
				PREBINDING = NO;
			};
			name = Debug;
		};
/* End XCBuildConfiguration section */

/* Begin XCConfigurationList section */
		83C29675B8F998CFF6C00878 /* Build configuration list for PBXNativeTarget "BlipZones" */ = {
			isa = XCConfigurationList;
			buildConfigurations = (
				B5C9D7E78DC8B4A2C566F313 /* Debug */,
				4F655F5AA820498CDCC271EB /* Release */,
			);
			defaultConfigurationIsVisible = 0;
			defaultConfigurationName = Debug;
		};
		EC907A3AD886EE7756C0E385 /* Build configuration list for PBXProject "BlipZones" */ = {
			isa = XCConfigurationList;
			buildConfigurations = (
				30071E146CBBB98BD56106A7 /* Debug */,
				239ED1804572CB01093F18BB /* Release */,
			);
			defaultConfigurationIsVisible = 0;
			defaultConfigurationName = Debug;
		};
/* End XCConfigurationList section */
	};
	rootObject = BE73B0726FB242F4E37541F0 /* Project object */;
}
