// !$*UTF8*$!
{
	archiveVersion = 1;
	classes = {
	};
	objectVersion = 42;
	objects = {

/* Begin PBXBuildFile section */
		418BD6C913DC9DBD002C3B29 /* BlipBox.cpp in Sources */ = {isa = PBXBuildFile; fileRef = 418BD6BF13DC9DBD002C3B29 /* BlipBox.cpp */; };
		418BD6CA13DC9DBD002C3B29 /* Main.cpp in Sources */ = {isa = PBXBuildFile; fileRef = 418BD6C113DC9DBD002C3B29 /* Main.cpp */; };
		418BD6CB13DC9DBD002C3B29 /* MainWindow.cpp in Sources */ = {isa = PBXBuildFile; fileRef = 418BD6C213DC9DBD002C3B29 /* MainWindow.cpp */; };
		418BD6CC13DC9DBD002C3B29 /* MidiZone.cpp in Sources */ = {isa = PBXBuildFile; fileRef = 418BD6C413DC9DBD002C3B29 /* MidiZone.cpp */; };
		418BD6CD13DC9DBD002C3B29 /* PresetComponent.cpp in Sources */ = {isa = PBXBuildFile; fileRef = 418BD6C613DC9DBD002C3B29 /* PresetComponent.cpp */; };
		418BD70413DCCF12002C3B29 /* libjucedebug.a in Frameworks */ = {isa = PBXBuildFile; fileRef = 418BD70213DCCECD002C3B29 /* libjucedebug.a */; };
		418BD71713DCCF66002C3B29 /* OpenGL.framework in Frameworks */ = {isa = PBXBuildFile; fileRef = 418BD71613DCCF66002C3B29 /* OpenGL.framework */; };
		4194459413DCDBCB009EDADC /* blipbox.icns in Resources */ = {isa = PBXBuildFile; fileRef = 4194459313DCDBCB009EDADC /* blipbox.icns */; };
		84078F3E09E6B42E004E7BCD /* AGL.framework in Frameworks */ = {isa = PBXBuildFile; fileRef = 84078F3D09E6B42E004E7BCD /* AGL.framework */; };
		8407902B09E6B5BD004E7BCD /* QuickTime.framework in Frameworks */ = {isa = PBXBuildFile; fileRef = 8407902A09E6B5BD004E7BCD /* QuickTime.framework */; };
		84F30CED08FEAD7A0087E26C /* CoreAudio.framework in Frameworks */ = {isa = PBXBuildFile; fileRef = 84F30CEC08FEAD7A0087E26C /* CoreAudio.framework */; };
		84FAD61A0C7C3CCB00AF3028 /* IOKit.framework in Frameworks */ = {isa = PBXBuildFile; fileRef = 84FAD6190C7C3CCB00AF3028 /* IOKit.framework */; };
		8D0C4E8D0486CD37000505A6 /* InfoPlist.strings in Resources */ = {isa = PBXBuildFile; fileRef = 0867D6AAFE840B52C02AAC07 /* InfoPlist.strings */; };
		8D0C4E920486CD37000505A6 /* Carbon.framework in Frameworks */ = {isa = PBXBuildFile; fileRef = 20286C33FDCF999611CA2CEA /* Carbon.framework */; };
/* End PBXBuildFile section */

/* Begin PBXContainerItemProxy section */
		418BD70113DCCECD002C3B29 /* PBXContainerItemProxy */ = {
			isa = PBXContainerItemProxy;
			containerPortal = 84F30CCA08FEAA8C0087E26C /* Juce.xcodeproj */;
			proxyType = 2;
			remoteGlobalIDString = D2AAC046055464E500DB518D;
			remoteInfo = Juce;
		};
/* End PBXContainerItemProxy section */

/* Begin PBXFileReference section */
		0867D6ABFE840B52C02AAC07 /* English */ = {isa = PBXFileReference; fileEncoding = 10; lastKnownFileType = text.plist.strings; name = English; path = English.lproj/InfoPlist.strings; sourceTree = "<group>"; };
		20286C33FDCF999611CA2CEA /* Carbon.framework */ = {isa = PBXFileReference; lastKnownFileType = wrapper.framework; name = Carbon.framework; path = /System/Library/Frameworks/Carbon.framework; sourceTree = "<absolute>"; };
		418BD6BF13DC9DBD002C3B29 /* BlipBox.cpp */ = {isa = PBXFileReference; fileEncoding = 30; lastKnownFileType = sourcecode.cpp.cpp; name = BlipBox.cpp; path = Source/BlipBox.cpp; sourceTree = "<group>"; };
		418BD6C013DC9DBD002C3B29 /* BlipBox.h */ = {isa = PBXFileReference; fileEncoding = 30; lastKnownFileType = sourcecode.c.h; name = BlipBox.h; path = Source/BlipBox.h; sourceTree = "<group>"; };
		418BD6C113DC9DBD002C3B29 /* Main.cpp */ = {isa = PBXFileReference; fileEncoding = 30; lastKnownFileType = sourcecode.cpp.cpp; name = Main.cpp; path = Source/Main.cpp; sourceTree = "<group>"; };
		418BD6C213DC9DBD002C3B29 /* MainWindow.cpp */ = {isa = PBXFileReference; fileEncoding = 30; lastKnownFileType = sourcecode.cpp.cpp; name = MainWindow.cpp; path = Source/MainWindow.cpp; sourceTree = "<group>"; };
		418BD6C313DC9DBD002C3B29 /* MainWindow.h */ = {isa = PBXFileReference; fileEncoding = 30; lastKnownFileType = sourcecode.c.h; name = MainWindow.h; path = Source/MainWindow.h; sourceTree = "<group>"; };
		418BD6C413DC9DBD002C3B29 /* MidiZone.cpp */ = {isa = PBXFileReference; fileEncoding = 30; lastKnownFileType = sourcecode.cpp.cpp; name = MidiZone.cpp; path = Source/MidiZone.cpp; sourceTree = "<group>"; };
		418BD6C513DC9DBD002C3B29 /* MidiZone.h */ = {isa = PBXFileReference; fileEncoding = 30; lastKnownFileType = sourcecode.c.h; name = MidiZone.h; path = Source/MidiZone.h; sourceTree = "<group>"; };
		418BD6C613DC9DBD002C3B29 /* PresetComponent.cpp */ = {isa = PBXFileReference; fileEncoding = 30; lastKnownFileType = sourcecode.cpp.cpp; name = PresetComponent.cpp; path = Source/PresetComponent.cpp; sourceTree = "<group>"; };
		418BD6C713DC9DBD002C3B29 /* PresetComponent.h */ = {isa = PBXFileReference; fileEncoding = 30; lastKnownFileType = sourcecode.c.h; name = PresetComponent.h; path = Source/PresetComponent.h; sourceTree = "<group>"; };
		418BD6C813DC9DBD002C3B29 /* Serial.h */ = {isa = PBXFileReference; fileEncoding = 30; lastKnownFileType = sourcecode.c.h; name = Serial.h; path = Source/Serial.h; sourceTree = "<group>"; };
		418BD71613DCCF66002C3B29 /* OpenGL.framework */ = {isa = PBXFileReference; lastKnownFileType = wrapper.framework; name = OpenGL.framework; path = /System/Library/Frameworks/OpenGL.framework; sourceTree = "<absolute>"; };
		4194459313DCDBCB009EDADC /* blipbox.icns */ = {isa = PBXFileReference; lastKnownFileType = image.icns; name = blipbox.icns; path = Resources/blipbox.icns; sourceTree = "<group>"; };
		4A9504C8FFE6A3BC11CA0CBA /* ApplicationServices.framework */ = {isa = PBXFileReference; lastKnownFileType = wrapper.framework; name = ApplicationServices.framework; path = /System/Library/Frameworks/ApplicationServices.framework; sourceTree = "<absolute>"; };
		4A9504CAFFE6A41611CA0CBA /* CoreServices.framework */ = {isa = PBXFileReference; lastKnownFileType = wrapper.framework; name = CoreServices.framework; path = /System/Library/Frameworks/CoreServices.framework; sourceTree = "<absolute>"; };
		84078F3D09E6B42E004E7BCD /* AGL.framework */ = {isa = PBXFileReference; lastKnownFileType = wrapper.framework; name = AGL.framework; path = /System/Library/Frameworks/AGL.framework; sourceTree = "<absolute>"; };
		8407902A09E6B5BD004E7BCD /* QuickTime.framework */ = {isa = PBXFileReference; lastKnownFileType = wrapper.framework; name = QuickTime.framework; path = /System/Library/Frameworks/QuickTime.framework; sourceTree = "<absolute>"; };
		84F30CCA08FEAA8C0087E26C /* Juce.xcodeproj */ = {isa = PBXFileReference; lastKnownFileType = "wrapper.pb-project"; name = Juce.xcodeproj; path = ../../compile/juce/juce/build/macosx/Juce.xcodeproj; sourceTree = SOURCE_ROOT; };
		84F30CEC08FEAD7A0087E26C /* CoreAudio.framework */ = {isa = PBXFileReference; lastKnownFileType = wrapper.framework; name = CoreAudio.framework; path = /System/Library/Frameworks/CoreAudio.framework; sourceTree = "<absolute>"; };
		84FAD6190C7C3CCB00AF3028 /* IOKit.framework */ = {isa = PBXFileReference; lastKnownFileType = wrapper.framework; name = IOKit.framework; path = /System/Library/Frameworks/IOKit.framework; sourceTree = "<absolute>"; };
		8D0C4E960486CD37000505A6 /* Info.plist */ = {isa = PBXFileReference; fileEncoding = 4; lastKnownFileType = text.plist; path = Info.plist; sourceTree = "<group>"; };
		8D0C4E970486CD37000505A6 /* BlipZones.app */ = {isa = PBXFileReference; explicitFileType = wrapper.application; includeInIndex = 0; path = BlipZones.app; sourceTree = BUILT_PRODUCTS_DIR; };
/* End PBXFileReference section */

/* Begin PBXFrameworksBuildPhase section */
		8D0C4E910486CD37000505A6 /* Frameworks */ = {
			isa = PBXFrameworksBuildPhase;
			buildActionMask = 2147483647;
			files = (
				418BD70413DCCF12002C3B29 /* libjucedebug.a in Frameworks */,
				8D0C4E920486CD37000505A6 /* Carbon.framework in Frameworks */,
				84F30CED08FEAD7A0087E26C /* CoreAudio.framework in Frameworks */,
				84078F3E09E6B42E004E7BCD /* AGL.framework in Frameworks */,
				8407902B09E6B5BD004E7BCD /* QuickTime.framework in Frameworks */,
				84FAD61A0C7C3CCB00AF3028 /* IOKit.framework in Frameworks */,
				418BD71713DCCF66002C3B29 /* OpenGL.framework in Frameworks */,
			);
			runOnlyForDeploymentPostprocessing = 0;
		};
/* End PBXFrameworksBuildPhase section */

/* Begin PBXGroup section */
		195DF8CFFE9D517E11CA2CBB /* Products */ = {
			isa = PBXGroup;
			children = (
				8D0C4E970486CD37000505A6 /* BlipZones.app */,
			);
			name = Products;
			sourceTree = "<group>";
		};
		20286C29FDCF999611CA2CEA /* BlipZones */ = {
			isa = PBXGroup;
			children = (
				20286C2AFDCF999611CA2CEA /* Sources */,
				20286C2CFDCF999611CA2CEA /* Resources */,
				20286C32FDCF999611CA2CEA /* External Frameworks and Libraries */,
				195DF8CFFE9D517E11CA2CBB /* Products */,
			);
			name = BlipZones;
			sourceTree = "<group>";
		};
		20286C2AFDCF999611CA2CEA /* Sources */ = {
			isa = PBXGroup;
			children = (
				418BD6BF13DC9DBD002C3B29 /* BlipBox.cpp */,
				418BD6C013DC9DBD002C3B29 /* BlipBox.h */,
				418BD6C113DC9DBD002C3B29 /* Main.cpp */,
				418BD6C213DC9DBD002C3B29 /* MainWindow.cpp */,
				418BD6C313DC9DBD002C3B29 /* MainWindow.h */,
				418BD6C413DC9DBD002C3B29 /* MidiZone.cpp */,
				418BD6C513DC9DBD002C3B29 /* MidiZone.h */,
				418BD6C613DC9DBD002C3B29 /* PresetComponent.cpp */,
				418BD6C713DC9DBD002C3B29 /* PresetComponent.h */,
				418BD6C813DC9DBD002C3B29 /* Serial.h */,
			);
			name = Sources;
			sourceTree = "<group>";
		};
		20286C2CFDCF999611CA2CEA /* Resources */ = {
			isa = PBXGroup;
			children = (
				4194459313DCDBCB009EDADC /* blipbox.icns */,
				8D0C4E960486CD37000505A6 /* Info.plist */,
				0867D6AAFE840B52C02AAC07 /* InfoPlist.strings */,
			);
			name = Resources;
			sourceTree = "<group>";
		};
		20286C32FDCF999611CA2CEA /* External Frameworks and Libraries */ = {
			isa = PBXGroup;
			children = (
				418BD71613DCCF66002C3B29 /* OpenGL.framework */,
				84F30CCA08FEAA8C0087E26C /* Juce.xcodeproj */,
				20286C33FDCF999611CA2CEA /* Carbon.framework */,
				4A9504CAFFE6A41611CA0CBA /* CoreServices.framework */,
				84F30CEC08FEAD7A0087E26C /* CoreAudio.framework */,
				4A9504C8FFE6A3BC11CA0CBA /* ApplicationServices.framework */,
				84078F3D09E6B42E004E7BCD /* AGL.framework */,
				8407902A09E6B5BD004E7BCD /* QuickTime.framework */,
				84FAD6190C7C3CCB00AF3028 /* IOKit.framework */,
			);
			name = "External Frameworks and Libraries";
			sourceTree = "<group>";
		};
		418BD6FE13DCCECD002C3B29 /* Products */ = {
			isa = PBXGroup;
			children = (
				418BD70213DCCECD002C3B29 /* libjucedebug.a */,
			);
			name = Products;
			sourceTree = "<group>";
		};
/* End PBXGroup section */

/* Begin PBXNativeTarget section */
		8D0C4E890486CD37000505A6 /* BlipZones */ = {
			isa = PBXNativeTarget;
			buildConfigurationList = 84F30CBF08FEAA620087E26C /* Build configuration list for PBXNativeTarget "BlipZones" */;
			buildPhases = (
				8D0C4E8C0486CD37000505A6 /* Resources */,
				8D0C4E8F0486CD37000505A6 /* Sources */,
				8D0C4E910486CD37000505A6 /* Frameworks */,
			);
			buildRules = (
			);
			dependencies = (
			);
			name = BlipZones;
			productInstallPath = "$(HOME)/Applications";
			productName = BlipZones;
			productReference = 8D0C4E970486CD37000505A6 /* BlipZones.app */;
			productType = "com.apple.product-type.application";
		};
/* End PBXNativeTarget section */

/* Begin PBXProject section */
		20286C28FDCF999611CA2CEA /* Project object */ = {
			isa = PBXProject;
			buildConfigurationList = 84F30CC308FEAA620087E26C /* Build configuration list for PBXProject "BlipZones" */;
			hasScannedForEncodings = 1;
			mainGroup = 20286C29FDCF999611CA2CEA /* BlipZones */;
			projectDirPath = "";
			projectReferences = (
				{
					ProductGroup = 418BD6FE13DCCECD002C3B29 /* Products */;
					ProjectRef = 84F30CCA08FEAA8C0087E26C /* Juce.xcodeproj */;
				},
			);
			targets = (
				8D0C4E890486CD37000505A6 /* BlipZones */,
			);
		};
/* End PBXProject section */

/* Begin PBXReferenceProxy section */
		418BD70213DCCECD002C3B29 /* libjucedebug.a */ = {
			isa = PBXReferenceProxy;
			fileType = archive.ar;
			path = libjucedebug.a;
			remoteRef = 418BD70113DCCECD002C3B29 /* PBXContainerItemProxy */;
			sourceTree = BUILT_PRODUCTS_DIR;
		};
/* End PBXReferenceProxy section */

/* Begin PBXResourcesBuildPhase section */
		8D0C4E8C0486CD37000505A6 /* Resources */ = {
			isa = PBXResourcesBuildPhase;
			buildActionMask = 2147483647;
			files = (
				8D0C4E8D0486CD37000505A6 /* InfoPlist.strings in Resources */,
				4194459413DCDBCB009EDADC /* blipbox.icns in Resources */,
			);
			runOnlyForDeploymentPostprocessing = 0;
		};
/* End PBXResourcesBuildPhase section */

/* Begin PBXSourcesBuildPhase section */
		8D0C4E8F0486CD37000505A6 /* Sources */ = {
			isa = PBXSourcesBuildPhase;
			buildActionMask = 2147483647;
			files = (
				418BD6C913DC9DBD002C3B29 /* BlipBox.cpp in Sources */,
				418BD6CA13DC9DBD002C3B29 /* Main.cpp in Sources */,
				418BD6CB13DC9DBD002C3B29 /* MainWindow.cpp in Sources */,
				418BD6CC13DC9DBD002C3B29 /* MidiZone.cpp in Sources */,
				418BD6CD13DC9DBD002C3B29 /* PresetComponent.cpp in Sources */,
			);
			runOnlyForDeploymentPostprocessing = 0;
		};
/* End PBXSourcesBuildPhase section */

/* Begin PBXVariantGroup section */
		0867D6AAFE840B52C02AAC07 /* InfoPlist.strings */ = {
			isa = PBXVariantGroup;
			children = (
				0867D6ABFE840B52C02AAC07 /* English */,
			);
			name = InfoPlist.strings;
			sourceTree = "<group>";
		};
/* End PBXVariantGroup section */

/* Begin XCBuildConfiguration section */
		84F30CC008FEAA620087E26C /* Debug */ = {
			isa = XCBuildConfiguration;
			buildSettings = {
				COPY_PHASE_STRIP = NO;
				GCC_DYNAMIC_NO_PIC = NO;
				GCC_ENABLE_FIX_AND_CONTINUE = YES;
				GCC_GENERATE_DEBUGGING_SYMBOLS = YES;
				GCC_OPTIMIZATION_LEVEL = 0;
				GCC_WARN_ABOUT_RETURN_TYPE = YES;
				GCC_WARN_UNUSED_VARIABLE = YES;
				HEADER_SEARCH_PATHS = (
					"~/compile/juce/juce",
					"$(inherited)",
				);
				INFOPLIST_FILE = Info.plist;
				INSTALL_PATH = "$(HOME)/Applications";
				LIBRARY_SEARCH_PATHS = "~/compile/juce/juce/bin";
				PREBINDING = NO;
				PRODUCT_NAME = BlipZones;
				WRAPPER_EXTENSION = app;
			};
			name = Debug;
		};
		84F30CC108FEAA620087E26C /* Release */ = {
			isa = XCBuildConfiguration;
			buildSettings = {
				COPY_PHASE_STRIP = YES;
				GCC_ENABLE_FIX_AND_CONTINUE = NO;
				GCC_GENERATE_DEBUGGING_SYMBOLS = NO;
				GCC_WARN_ABOUT_RETURN_TYPE = YES;
				GCC_WARN_UNUSED_VARIABLE = YES;
				HEADER_SEARCH_PATHS = (
					"~/compile/juce/juce",
					"$(inherited)",
				);
				INFOPLIST_FILE = Info.plist;
				INSTALL_PATH = "$(HOME)/Applications";
				LIBRARY_SEARCH_PATHS = "~/compile/juce/juce/bin";
				PREBINDING = NO;
				PRODUCT_NAME = BlipZones;
				WRAPPER_EXTENSION = app;
				ZERO_LINK = NO;
			};
			name = Release;
		};
		84F30CC408FEAA620087E26C /* Debug */ = {
			isa = XCBuildConfiguration;
			buildSettings = {
			};
			name = Debug;
		};
		84F30CC508FEAA620087E26C /* Release */ = {
			isa = XCBuildConfiguration;
			buildSettings = {
			};
			name = Release;
		};
/* End XCBuildConfiguration section */

/* Begin XCConfigurationList section */
		84F30CBF08FEAA620087E26C /* Build configuration list for PBXNativeTarget "BlipZones" */ = {
			isa = XCConfigurationList;
			buildConfigurations = (
				84F30CC008FEAA620087E26C /* Debug */,
				84F30CC108FEAA620087E26C /* Release */,
			);
			defaultConfigurationIsVisible = 0;
			defaultConfigurationName = Debug;
		};
		84F30CC308FEAA620087E26C /* Build configuration list for PBXProject "BlipZones" */ = {
			isa = XCConfigurationList;
			buildConfigurations = (
				84F30CC408FEAA620087E26C /* Debug */,
				84F30CC508FEAA620087E26C /* Release */,
			);
			defaultConfigurationIsVisible = 0;
			defaultConfigurationName = Debug;
		};
/* End XCConfigurationList section */
	};
	rootObject = 20286C28FDCF999611CA2CEA /* Project object */;
}
